// !$*UTF8*$!
{
	archiveVersion = 1;
	classes = {
	};
	objectVersion = 56;
	objects = {

/* Begin PBXBuildFile section */
		3476751D1CE823F3290BE58F /* libPods-Tracker.a in Frameworks */ = {isa = PBXBuildFile; fileRef = 7C1036B466D69FECD5171BEA /* libPods-Tracker.a */; };
		5EBD0F5C2B94C179004E1D25 /* Localization.swift in Sources */ = {isa = PBXBuildFile; fileRef = 5EBD0F5A2B94C179004E1D25 /* Localization.swift */; };
		5EBD0F5D2B94C179004E1D25 /* Assets.swift in Sources */ = {isa = PBXBuildFile; fileRef = 5EBD0F5B2B94C179004E1D25 /* Assets.swift */; };
		5EC9E3EE2B94AF59002E1164 /* TrackerRepository.swift in Sources */ = {isa = PBXBuildFile; fileRef = 5EC9E37F2B94AF59002E1164 /* TrackerRepository.swift */; };
		5EC9E3EF2B94AF59002E1164 /* AuthStorage.swift in Sources */ = {isa = PBXBuildFile; fileRef = 5EC9E3802B94AF59002E1164 /* AuthStorage.swift */; };
		5EC9E3F02B94AF59002E1164 /* Binding.swift in Sources */ = {isa = PBXBuildFile; fileRef = 5EC9E3822B94AF59002E1164 /* Binding.swift */; };
		5EC9E3F12B94AF59002E1164 /* WeekDayTransformer.swift in Sources */ = {isa = PBXBuildFile; fileRef = 5EC9E3832B94AF59002E1164 /* WeekDayTransformer.swift */; };
		5EC9E3F22B94AF59002E1164 /* PrimarySupplementaryHeader.swift in Sources */ = {isa = PBXBuildFile; fileRef = 5EC9E3862B94AF59002E1164 /* PrimarySupplementaryHeader.swift */; };
		5EC9E3F32B94AF59002E1164 /* PrimaryCell.swift in Sources */ = {isa = PBXBuildFile; fileRef = 5EC9E3872B94AF59002E1164 /* PrimaryCell.swift */; };
		5EC9E3F42B94AF59002E1164 /* PrimaryButton.swift in Sources */ = {isa = PBXBuildFile; fileRef = 5EC9E3892B94AF59002E1164 /* PrimaryButton.swift */; };
		5EC9E3F52B94AF59002E1164 /* SplashViewController.swift in Sources */ = {isa = PBXBuildFile; fileRef = 5EC9E38C2B94AF59002E1164 /* SplashViewController.swift */; };
		5EC9E3F62B94AF59002E1164 /* SplashPresenter.swift in Sources */ = {isa = PBXBuildFile; fileRef = 5EC9E38D2B94AF59002E1164 /* SplashPresenter.swift */; };
		5EC9E3F72B94AF59002E1164 /* SplashRouter.swift in Sources */ = {isa = PBXBuildFile; fileRef = 5EC9E38E2B94AF59002E1164 /* SplashRouter.swift */; };
		5EC9E3F82B94AF59002E1164 /* SplashAssembly.swift in Sources */ = {isa = PBXBuildFile; fileRef = 5EC9E38F2B94AF59002E1164 /* SplashAssembly.swift */; };
		5EC9E3F92B94AF59002E1164 /* StatisticsPresenter.swift in Sources */ = {isa = PBXBuildFile; fileRef = 5EC9E3912B94AF59002E1164 /* StatisticsPresenter.swift */; };
		5EC9E3FA2B94AF59002E1164 /* StatisticsRouter.swift in Sources */ = {isa = PBXBuildFile; fileRef = 5EC9E3922B94AF59002E1164 /* StatisticsRouter.swift */; };
		5EC9E3FB2B94AF59002E1164 /* StatisticsViewController.swift in Sources */ = {isa = PBXBuildFile; fileRef = 5EC9E3932B94AF59002E1164 /* StatisticsViewController.swift */; };
		5EC9E3FC2B94AF59002E1164 /* StatisticsAssembly.swift in Sources */ = {isa = PBXBuildFile; fileRef = 5EC9E3942B94AF59002E1164 /* StatisticsAssembly.swift */; };
		5EC9E3FD2B94AF59002E1164 /* TrackersLayoutProvider.swift in Sources */ = {isa = PBXBuildFile; fileRef = 5EC9E3972B94AF59002E1164 /* TrackersLayoutProvider.swift */; };
		5EC9E3FE2B94AF59002E1164 /* EmojiView.swift in Sources */ = {isa = PBXBuildFile; fileRef = 5EC9E3982B94AF59002E1164 /* EmojiView.swift */; };
		5EC9E3FF2B94AF59002E1164 /* TrackersCell.swift in Sources */ = {isa = PBXBuildFile; fileRef = 5EC9E3992B94AF59002E1164 /* TrackersCell.swift */; };
		5EC9E4002B94AF59002E1164 /* TrackersRouter.swift in Sources */ = {isa = PBXBuildFile; fileRef = 5EC9E39A2B94AF59002E1164 /* TrackersRouter.swift */; };
		5EC9E4012B94AF59002E1164 /* TrackersViewController.swift in Sources */ = {isa = PBXBuildFile; fileRef = 5EC9E39B2B94AF59002E1164 /* TrackersViewController.swift */; };
		5EC9E4022B94AF59002E1164 /* EventsSelectorViewController.swift in Sources */ = {isa = PBXBuildFile; fileRef = 5EC9E39E2B94AF59002E1164 /* EventsSelectorViewController.swift */; };
		5EC9E4032B94AF59002E1164 /* EventsSelectorAssembly.swift in Sources */ = {isa = PBXBuildFile; fileRef = 5EC9E39F2B94AF59002E1164 /* EventsSelectorAssembly.swift */; };
		5EC9E4042B94AF59002E1164 /* EventsSelectorPresenter.swift in Sources */ = {isa = PBXBuildFile; fileRef = 5EC9E3A02B94AF59002E1164 /* EventsSelectorPresenter.swift */; };
		5EC9E4052B94AF59002E1164 /* EventsSelectorRouter.swift in Sources */ = {isa = PBXBuildFile; fileRef = 5EC9E3A12B94AF59002E1164 /* EventsSelectorRouter.swift */; };
		5EC9E4062B94AF59002E1164 /* EventsScheduleRouter.swift in Sources */ = {isa = PBXBuildFile; fileRef = 5EC9E3A32B94AF59002E1164 /* EventsScheduleRouter.swift */; };
		5EC9E4072B94AF59002E1164 /* WeekDayCell.swift in Sources */ = {isa = PBXBuildFile; fileRef = 5EC9E3A52B94AF59002E1164 /* WeekDayCell.swift */; };
		5EC9E4082B94AF59002E1164 /* EventsSchedulePresenter.swift in Sources */ = {isa = PBXBuildFile; fileRef = 5EC9E3A62B94AF59002E1164 /* EventsSchedulePresenter.swift */; };
		5EC9E4092B94AF59002E1164 /* EventsScheduleViewController.swift in Sources */ = {isa = PBXBuildFile; fileRef = 5EC9E3A72B94AF59002E1164 /* EventsScheduleViewController.swift */; };
		5EC9E40A2B94AF59002E1164 /* EventsScheduleAssembly.swift in Sources */ = {isa = PBXBuildFile; fileRef = 5EC9E3A82B94AF59002E1164 /* EventsScheduleAssembly.swift */; };
		5EC9E40B2B94AF59002E1164 /* EventsScheduleIO.swift in Sources */ = {isa = PBXBuildFile; fileRef = 5EC9E3A92B94AF59002E1164 /* EventsScheduleIO.swift */; };
		5EC9E40C2B94AF59002E1164 /* BuilderDataProvider.swift in Sources */ = {isa = PBXBuildFile; fileRef = 5EC9E3AC2B94AF59002E1164 /* BuilderDataProvider.swift */; };
		5EC9E40D2B94AF59002E1164 /* EventsBuilderViewController.swift in Sources */ = {isa = PBXBuildFile; fileRef = 5EC9E3AD2B94AF59002E1164 /* EventsBuilderViewController.swift */; };
		5EC9E40E2B94AF59002E1164 /* EventsBuilderLayoutProvider.swift in Sources */ = {isa = PBXBuildFile; fileRef = 5EC9E3AF2B94AF59002E1164 /* EventsBuilderLayoutProvider.swift */; };
		5EC9E40F2B94AF59002E1164 /* ColorCell.swift in Sources */ = {isa = PBXBuildFile; fileRef = 5EC9E3B02B94AF59002E1164 /* ColorCell.swift */; };
		5EC9E4102B94AF59002E1164 /* EmojiCell.swift in Sources */ = {isa = PBXBuildFile; fileRef = 5EC9E3B12B94AF59002E1164 /* EmojiCell.swift */; };
		5EC9E4112B94AF59002E1164 /* EventsBuilderRouter.swift in Sources */ = {isa = PBXBuildFile; fileRef = 5EC9E3B22B94AF59002E1164 /* EventsBuilderRouter.swift */; };
		5EC9E4122B94AF59002E1164 /* EventsBuilderPresenter.swift in Sources */ = {isa = PBXBuildFile; fileRef = 5EC9E3B32B94AF59002E1164 /* EventsBuilderPresenter.swift */; };
		5EC9E4132B94AF59002E1164 /* EventType.swift in Sources */ = {isa = PBXBuildFile; fileRef = 5EC9E3B42B94AF59002E1164 /* EventType.swift */; };
		5EC9E4142B94AF59002E1164 /* EventsBuilderIO.swift in Sources */ = {isa = PBXBuildFile; fileRef = 5EC9E3B52B94AF59002E1164 /* EventsBuilderIO.swift */; };
		5EC9E4152B94AF59002E1164 /* EventsBuilderAssembly.swift in Sources */ = {isa = PBXBuildFile; fileRef = 5EC9E3B62B94AF59002E1164 /* EventsBuilderAssembly.swift */; };
		5EC9E4162B94AF59002E1164 /* CategoryBuilderPresenter.swift in Sources */ = {isa = PBXBuildFile; fileRef = 5EC9E3B92B94AF59002E1164 /* CategoryBuilderPresenter.swift */; };
		5EC9E4172B94AF59002E1164 /* CategoryBuilderAssembly.swift in Sources */ = {isa = PBXBuildFile; fileRef = 5EC9E3BA2B94AF59002E1164 /* CategoryBuilderAssembly.swift */; };
		5EC9E4182B94AF59002E1164 /* CategoryBuilderRouter.swift in Sources */ = {isa = PBXBuildFile; fileRef = 5EC9E3BB2B94AF59002E1164 /* CategoryBuilderRouter.swift */; };
		5EC9E4192B94AF59002E1164 /* CategoryBuilderViewController.swift in Sources */ = {isa = PBXBuildFile; fileRef = 5EC9E3BC2B94AF59002E1164 /* CategoryBuilderViewController.swift */; };
		5EC9E41A2B94AF59002E1164 /* CategoryBuilderIO.swift in Sources */ = {isa = PBXBuildFile; fileRef = 5EC9E3BD2B94AF59002E1164 /* CategoryBuilderIO.swift */; };
		5EC9E41B2B94AF59002E1164 /* CategorySelectorAssembly.swift in Sources */ = {isa = PBXBuildFile; fileRef = 5EC9E3BF2B94AF59002E1164 /* CategorySelectorAssembly.swift */; };
		5EC9E41C2B94AF59002E1164 /* CategorySelectorViewController.swift in Sources */ = {isa = PBXBuildFile; fileRef = 5EC9E3C02B94AF59002E1164 /* CategorySelectorViewController.swift */; };
		5EC9E41D2B94AF59002E1164 /* CategorySelectorRouter.swift in Sources */ = {isa = PBXBuildFile; fileRef = 5EC9E3C12B94AF59002E1164 /* CategorySelectorRouter.swift */; };
		5EC9E41E2B94AF59002E1164 /* CategorySelectorViewModel.swift in Sources */ = {isa = PBXBuildFile; fileRef = 5EC9E3C22B94AF59002E1164 /* CategorySelectorViewModel.swift */; };
		5EC9E41F2B94AF59002E1164 /* CategorySelectorIO.swift in Sources */ = {isa = PBXBuildFile; fileRef = 5EC9E3C32B94AF59002E1164 /* CategorySelectorIO.swift */; };
		5EC9E4202B94AF59002E1164 /* TrackersAssembly.swift in Sources */ = {isa = PBXBuildFile; fileRef = 5EC9E3C42B94AF59002E1164 /* TrackersAssembly.swift */; };
		5EC9E4212B94AF59002E1164 /* TrackersPresenter.swift in Sources */ = {isa = PBXBuildFile; fileRef = 5EC9E3C52B94AF59002E1164 /* TrackersPresenter.swift */; };
		5EC9E4222B94AF59002E1164 /* OnboardingManagerAssembly.swift in Sources */ = {isa = PBXBuildFile; fileRef = 5EC9E3C82B94AF59002E1164 /* OnboardingManagerAssembly.swift */; };
		5EC9E4232B94AF59002E1164 /* OnboardingManagerViewController.swift in Sources */ = {isa = PBXBuildFile; fileRef = 5EC9E3C92B94AF59002E1164 /* OnboardingManagerViewController.swift */; };
		5EC9E4242B94AF59002E1164 /* OnboardingManagerPresenter.swift in Sources */ = {isa = PBXBuildFile; fileRef = 5EC9E3CA2B94AF59002E1164 /* OnboardingManagerPresenter.swift */; };
		5EC9E4252B94AF59002E1164 /* OnboardingManagerRouter.swift in Sources */ = {isa = PBXBuildFile; fileRef = 5EC9E3CB2B94AF59002E1164 /* OnboardingManagerRouter.swift */; };
		5EC9E4262B94AF59002E1164 /* OnboardingRouter.swift in Sources */ = {isa = PBXBuildFile; fileRef = 5EC9E3CD2B94AF59002E1164 /* OnboardingRouter.swift */; };
		5EC9E4272B94AF59002E1164 /* OnboardingPresenter.swift in Sources */ = {isa = PBXBuildFile; fileRef = 5EC9E3CE2B94AF59002E1164 /* OnboardingPresenter.swift */; };
		5EC9E4282B94AF59002E1164 /* OnboardingViewController.swift in Sources */ = {isa = PBXBuildFile; fileRef = 5EC9E3CF2B94AF59002E1164 /* OnboardingViewController.swift */; };
		5EC9E4292B94AF59002E1164 /* OnboardingAssembly.swift in Sources */ = {isa = PBXBuildFile; fileRef = 5EC9E3D02B94AF59002E1164 /* OnboardingAssembly.swift */; };
		5EC9E42A2B94AF59002E1164 /* TabBarController.swift in Sources */ = {isa = PBXBuildFile; fileRef = 5EC9E3D12B94AF59002E1164 /* TabBarController.swift */; };
		5EC9E42B2B94AF59002E1164 /* AppDelegate.swift in Sources */ = {isa = PBXBuildFile; fileRef = 5EC9E3D22B94AF59002E1164 /* AppDelegate.swift */; };
		5EC9E42D2B94AF59002E1164 /* UICollectionView+Ext.swift in Sources */ = {isa = PBXBuildFile; fileRef = 5EC9E3D82B94AF59002E1164 /* UICollectionView+Ext.swift */; };
		5EC9E42E2B94AF59002E1164 /* UITableView+Ext.swift in Sources */ = {isa = PBXBuildFile; fileRef = 5EC9E3D92B94AF59002E1164 /* UITableView+Ext.swift */; };
		5EC9E42F2B94AF59002E1164 /* UIColor+Ext.swift in Sources */ = {isa = PBXBuildFile; fileRef = 5EC9E3DA2B94AF59002E1164 /* UIColor+Ext.swift */; };
		5EC9E4302B94AF59002E1164 /* UIView+Ext.swift in Sources */ = {isa = PBXBuildFile; fileRef = 5EC9E3DB2B94AF59002E1164 /* UIView+Ext.swift */; };
		5EC9E4312B94AF59002E1164 /* NSManagedObjectContext+Ext.swift in Sources */ = {isa = PBXBuildFile; fileRef = 5EC9E3DC2B94AF59002E1164 /* NSManagedObjectContext+Ext.swift */; };
		5EC9E4322B94AF59002E1164 /* String+Ext.swift in Sources */ = {isa = PBXBuildFile; fileRef = 5EC9E3DD2B94AF59002E1164 /* String+Ext.swift */; };
		5EC9E4342B94AF59002E1164 /* CoreDataStorage.swift in Sources */ = {isa = PBXBuildFile; fileRef = 5EC9E3E02B94AF59002E1164 /* CoreDataStorage.swift */; };
		5EC9E4352B94AF59002E1164 /* TrackerModel.xcdatamodeld in Sources */ = {isa = PBXBuildFile; fileRef = 5EC9E3E12B94AF59002E1164 /* TrackerModel.xcdatamodeld */; };
		5EC9E4362B94AF59002E1164 /* TrackerCategory.swift in Sources */ = {isa = PBXBuildFile; fileRef = 5EC9E3E42B94AF59002E1164 /* TrackerCategory.swift */; };
		5EC9E4372B94AF59002E1164 /* WeekDay.swift in Sources */ = {isa = PBXBuildFile; fileRef = 5EC9E3E52B94AF59002E1164 /* WeekDay.swift */; };
		5EC9E4382B94AF59002E1164 /* TrackerRecordStore.swift in Sources */ = {isa = PBXBuildFile; fileRef = 5EC9E3E72B94AF59002E1164 /* TrackerRecordStore.swift */; };
		5EC9E4392B94AF59002E1164 /* TrackerStore.swift in Sources */ = {isa = PBXBuildFile; fileRef = 5EC9E3E82B94AF59002E1164 /* TrackerStore.swift */; };
		5EC9E43A2B94AF59002E1164 /* TrackerCategoryStore.swift in Sources */ = {isa = PBXBuildFile; fileRef = 5EC9E3E92B94AF59002E1164 /* TrackerCategoryStore.swift */; };
		5EC9E43B2B94AF59002E1164 /* Tracker.swift in Sources */ = {isa = PBXBuildFile; fileRef = 5EC9E3EA2B94AF59002E1164 /* Tracker.swift */; };
		5EC9E43C2B94AF59002E1164 /* TrackerRecord.swift in Sources */ = {isa = PBXBuildFile; fileRef = 5EC9E3EB2B94AF59002E1164 /* TrackerRecord.swift */; };
		5EC9E43E2B94AF59002E1164 /* SceneDelegate.swift in Sources */ = {isa = PBXBuildFile; fileRef = 5EC9E3ED2B94AF59002E1164 /* SceneDelegate.swift */; };
		5EC9E4442B94B4C9002E1164 /* Bundle+Ext.swift in Sources */ = {isa = PBXBuildFile; fileRef = 5EC9E4432B94B4C9002E1164 /* Bundle+Ext.swift */; };
		5EC9E44C2B94B876002E1164 /* Localizable.strings in Resources */ = {isa = PBXBuildFile; fileRef = 5E69F00E2B73CA1800637095 /* Localizable.strings */; };
		5EC9E44D2B94B876002E1164 /* Localizable.stringsdict in Resources */ = {isa = PBXBuildFile; fileRef = 5EC9E3752B93C156002E1164 /* Localizable.stringsdict */; };
		5EC9E44F2B94B876002E1164 /* Assets.xcassets in Resources */ = {isa = PBXBuildFile; fileRef = 5EC9E3772B94AE9E002E1164 /* Assets.xcassets */; };
		5EC9E4502B94B876002E1164 /* LaunchScreen.storyboard in Resources */ = {isa = PBXBuildFile; fileRef = 5EC9E4402B94B3E4002E1164 /* LaunchScreen.storyboard */; };
/* End PBXBuildFile section */

/* Begin PBXFileReference section */
		5E69F00D2B73CA1800637095 /* en */ = {isa = PBXFileReference; lastKnownFileType = text.plist.strings; name = en; path = en.lproj/Localizable.strings; sourceTree = "<group>"; };
		5E69F00F2B73CA2500637095 /* ru */ = {isa = PBXFileReference; lastKnownFileType = text.plist.strings; name = ru; path = ru.lproj/Localizable.strings; sourceTree = "<group>"; };
		5E78417C2B4A92F500062777 /* Tracker.app */ = {isa = PBXFileReference; explicitFileType = wrapper.application; includeInIndex = 0; path = Tracker.app; sourceTree = BUILT_PRODUCTS_DIR; };
		5EBD0F5A2B94C179004E1D25 /* Localization.swift */ = {isa = PBXFileReference; fileEncoding = 4; lastKnownFileType = sourcecode.swift; path = Localization.swift; sourceTree = "<group>"; };
		5EBD0F5B2B94C179004E1D25 /* Assets.swift */ = {isa = PBXFileReference; fileEncoding = 4; lastKnownFileType = sourcecode.swift; path = Assets.swift; sourceTree = "<group>"; };
		5EC9E3742B93C156002E1164 /* en */ = {isa = PBXFileReference; lastKnownFileType = text.plist.stringsdict; name = en; path = en.lproj/Localizable.stringsdict; sourceTree = "<group>"; };
		5EC9E3762B93C15B002E1164 /* ru */ = {isa = PBXFileReference; lastKnownFileType = text.plist.stringsdict; name = ru; path = ru.lproj/Localizable.stringsdict; sourceTree = "<group>"; };
		5EC9E3772B94AE9E002E1164 /* Assets.xcassets */ = {isa = PBXFileReference; lastKnownFileType = folder.assetcatalog; name = Assets.xcassets; path = Resources/Assets.xcassets; sourceTree = "<group>"; };
		5EC9E37F2B94AF59002E1164 /* TrackerRepository.swift */ = {isa = PBXFileReference; fileEncoding = 4; lastKnownFileType = sourcecode.swift; path = TrackerRepository.swift; sourceTree = "<group>"; };
		5EC9E3802B94AF59002E1164 /* AuthStorage.swift */ = {isa = PBXFileReference; fileEncoding = 4; lastKnownFileType = sourcecode.swift; path = AuthStorage.swift; sourceTree = "<group>"; };
		5EC9E3822B94AF59002E1164 /* Binding.swift */ = {isa = PBXFileReference; fileEncoding = 4; lastKnownFileType = sourcecode.swift; path = Binding.swift; sourceTree = "<group>"; };
		5EC9E3832B94AF59002E1164 /* WeekDayTransformer.swift */ = {isa = PBXFileReference; fileEncoding = 4; lastKnownFileType = sourcecode.swift; path = WeekDayTransformer.swift; sourceTree = "<group>"; };
		5EC9E3862B94AF59002E1164 /* PrimarySupplementaryHeader.swift */ = {isa = PBXFileReference; fileEncoding = 4; lastKnownFileType = sourcecode.swift; path = PrimarySupplementaryHeader.swift; sourceTree = "<group>"; };
		5EC9E3872B94AF59002E1164 /* PrimaryCell.swift */ = {isa = PBXFileReference; fileEncoding = 4; lastKnownFileType = sourcecode.swift; path = PrimaryCell.swift; sourceTree = "<group>"; };
		5EC9E3892B94AF59002E1164 /* PrimaryButton.swift */ = {isa = PBXFileReference; fileEncoding = 4; lastKnownFileType = sourcecode.swift; path = PrimaryButton.swift; sourceTree = "<group>"; };
		5EC9E38C2B94AF59002E1164 /* SplashViewController.swift */ = {isa = PBXFileReference; fileEncoding = 4; lastKnownFileType = sourcecode.swift; path = SplashViewController.swift; sourceTree = "<group>"; };
		5EC9E38D2B94AF59002E1164 /* SplashPresenter.swift */ = {isa = PBXFileReference; fileEncoding = 4; lastKnownFileType = sourcecode.swift; path = SplashPresenter.swift; sourceTree = "<group>"; };
		5EC9E38E2B94AF59002E1164 /* SplashRouter.swift */ = {isa = PBXFileReference; fileEncoding = 4; lastKnownFileType = sourcecode.swift; path = SplashRouter.swift; sourceTree = "<group>"; };
		5EC9E38F2B94AF59002E1164 /* SplashAssembly.swift */ = {isa = PBXFileReference; fileEncoding = 4; lastKnownFileType = sourcecode.swift; path = SplashAssembly.swift; sourceTree = "<group>"; };
		5EC9E3912B94AF59002E1164 /* StatisticsPresenter.swift */ = {isa = PBXFileReference; fileEncoding = 4; lastKnownFileType = sourcecode.swift; path = StatisticsPresenter.swift; sourceTree = "<group>"; };
		5EC9E3922B94AF59002E1164 /* StatisticsRouter.swift */ = {isa = PBXFileReference; fileEncoding = 4; lastKnownFileType = sourcecode.swift; path = StatisticsRouter.swift; sourceTree = "<group>"; };
		5EC9E3932B94AF59002E1164 /* StatisticsViewController.swift */ = {isa = PBXFileReference; fileEncoding = 4; lastKnownFileType = sourcecode.swift; path = StatisticsViewController.swift; sourceTree = "<group>"; };
		5EC9E3942B94AF59002E1164 /* StatisticsAssembly.swift */ = {isa = PBXFileReference; fileEncoding = 4; lastKnownFileType = sourcecode.swift; path = StatisticsAssembly.swift; sourceTree = "<group>"; };
		5EC9E3972B94AF59002E1164 /* TrackersLayoutProvider.swift */ = {isa = PBXFileReference; fileEncoding = 4; lastKnownFileType = sourcecode.swift; path = TrackersLayoutProvider.swift; sourceTree = "<group>"; };
		5EC9E3982B94AF59002E1164 /* EmojiView.swift */ = {isa = PBXFileReference; fileEncoding = 4; lastKnownFileType = sourcecode.swift; path = EmojiView.swift; sourceTree = "<group>"; };
		5EC9E3992B94AF59002E1164 /* TrackersCell.swift */ = {isa = PBXFileReference; fileEncoding = 4; lastKnownFileType = sourcecode.swift; path = TrackersCell.swift; sourceTree = "<group>"; };
		5EC9E39A2B94AF59002E1164 /* TrackersRouter.swift */ = {isa = PBXFileReference; fileEncoding = 4; lastKnownFileType = sourcecode.swift; path = TrackersRouter.swift; sourceTree = "<group>"; };
		5EC9E39B2B94AF59002E1164 /* TrackersViewController.swift */ = {isa = PBXFileReference; fileEncoding = 4; lastKnownFileType = sourcecode.swift; path = TrackersViewController.swift; sourceTree = "<group>"; };
		5EC9E39E2B94AF59002E1164 /* EventsSelectorViewController.swift */ = {isa = PBXFileReference; fileEncoding = 4; lastKnownFileType = sourcecode.swift; path = EventsSelectorViewController.swift; sourceTree = "<group>"; };
		5EC9E39F2B94AF59002E1164 /* EventsSelectorAssembly.swift */ = {isa = PBXFileReference; fileEncoding = 4; lastKnownFileType = sourcecode.swift; path = EventsSelectorAssembly.swift; sourceTree = "<group>"; };
		5EC9E3A02B94AF59002E1164 /* EventsSelectorPresenter.swift */ = {isa = PBXFileReference; fileEncoding = 4; lastKnownFileType = sourcecode.swift; path = EventsSelectorPresenter.swift; sourceTree = "<group>"; };
		5EC9E3A12B94AF59002E1164 /* EventsSelectorRouter.swift */ = {isa = PBXFileReference; fileEncoding = 4; lastKnownFileType = sourcecode.swift; path = EventsSelectorRouter.swift; sourceTree = "<group>"; };
		5EC9E3A32B94AF59002E1164 /* EventsScheduleRouter.swift */ = {isa = PBXFileReference; fileEncoding = 4; lastKnownFileType = sourcecode.swift; path = EventsScheduleRouter.swift; sourceTree = "<group>"; };
		5EC9E3A52B94AF59002E1164 /* WeekDayCell.swift */ = {isa = PBXFileReference; fileEncoding = 4; lastKnownFileType = sourcecode.swift; path = WeekDayCell.swift; sourceTree = "<group>"; };
		5EC9E3A62B94AF59002E1164 /* EventsSchedulePresenter.swift */ = {isa = PBXFileReference; fileEncoding = 4; lastKnownFileType = sourcecode.swift; path = EventsSchedulePresenter.swift; sourceTree = "<group>"; };
		5EC9E3A72B94AF59002E1164 /* EventsScheduleViewController.swift */ = {isa = PBXFileReference; fileEncoding = 4; lastKnownFileType = sourcecode.swift; path = EventsScheduleViewController.swift; sourceTree = "<group>"; };
		5EC9E3A82B94AF59002E1164 /* EventsScheduleAssembly.swift */ = {isa = PBXFileReference; fileEncoding = 4; lastKnownFileType = sourcecode.swift; path = EventsScheduleAssembly.swift; sourceTree = "<group>"; };
		5EC9E3A92B94AF59002E1164 /* EventsScheduleIO.swift */ = {isa = PBXFileReference; fileEncoding = 4; lastKnownFileType = sourcecode.swift; path = EventsScheduleIO.swift; sourceTree = "<group>"; };
		5EC9E3AC2B94AF59002E1164 /* BuilderDataProvider.swift */ = {isa = PBXFileReference; fileEncoding = 4; lastKnownFileType = sourcecode.swift; path = BuilderDataProvider.swift; sourceTree = "<group>"; };
		5EC9E3AD2B94AF59002E1164 /* EventsBuilderViewController.swift */ = {isa = PBXFileReference; fileEncoding = 4; lastKnownFileType = sourcecode.swift; path = EventsBuilderViewController.swift; sourceTree = "<group>"; };
		5EC9E3AF2B94AF59002E1164 /* EventsBuilderLayoutProvider.swift */ = {isa = PBXFileReference; fileEncoding = 4; lastKnownFileType = sourcecode.swift; path = EventsBuilderLayoutProvider.swift; sourceTree = "<group>"; };
		5EC9E3B02B94AF59002E1164 /* ColorCell.swift */ = {isa = PBXFileReference; fileEncoding = 4; lastKnownFileType = sourcecode.swift; path = ColorCell.swift; sourceTree = "<group>"; };
		5EC9E3B12B94AF59002E1164 /* EmojiCell.swift */ = {isa = PBXFileReference; fileEncoding = 4; lastKnownFileType = sourcecode.swift; path = EmojiCell.swift; sourceTree = "<group>"; };
		5EC9E3B22B94AF59002E1164 /* EventsBuilderRouter.swift */ = {isa = PBXFileReference; fileEncoding = 4; lastKnownFileType = sourcecode.swift; path = EventsBuilderRouter.swift; sourceTree = "<group>"; };
		5EC9E3B32B94AF59002E1164 /* EventsBuilderPresenter.swift */ = {isa = PBXFileReference; fileEncoding = 4; lastKnownFileType = sourcecode.swift; path = EventsBuilderPresenter.swift; sourceTree = "<group>"; };
		5EC9E3B42B94AF59002E1164 /* EventType.swift */ = {isa = PBXFileReference; fileEncoding = 4; lastKnownFileType = sourcecode.swift; path = EventType.swift; sourceTree = "<group>"; };
		5EC9E3B52B94AF59002E1164 /* EventsBuilderIO.swift */ = {isa = PBXFileReference; fileEncoding = 4; lastKnownFileType = sourcecode.swift; path = EventsBuilderIO.swift; sourceTree = "<group>"; };
		5EC9E3B62B94AF59002E1164 /* EventsBuilderAssembly.swift */ = {isa = PBXFileReference; fileEncoding = 4; lastKnownFileType = sourcecode.swift; path = EventsBuilderAssembly.swift; sourceTree = "<group>"; };
		5EC9E3B92B94AF59002E1164 /* CategoryBuilderPresenter.swift */ = {isa = PBXFileReference; fileEncoding = 4; lastKnownFileType = sourcecode.swift; path = CategoryBuilderPresenter.swift; sourceTree = "<group>"; };
		5EC9E3BA2B94AF59002E1164 /* CategoryBuilderAssembly.swift */ = {isa = PBXFileReference; fileEncoding = 4; lastKnownFileType = sourcecode.swift; path = CategoryBuilderAssembly.swift; sourceTree = "<group>"; };
		5EC9E3BB2B94AF59002E1164 /* CategoryBuilderRouter.swift */ = {isa = PBXFileReference; fileEncoding = 4; lastKnownFileType = sourcecode.swift; path = CategoryBuilderRouter.swift; sourceTree = "<group>"; };
		5EC9E3BC2B94AF59002E1164 /* CategoryBuilderViewController.swift */ = {isa = PBXFileReference; fileEncoding = 4; lastKnownFileType = sourcecode.swift; path = CategoryBuilderViewController.swift; sourceTree = "<group>"; };
		5EC9E3BD2B94AF59002E1164 /* CategoryBuilderIO.swift */ = {isa = PBXFileReference; fileEncoding = 4; lastKnownFileType = sourcecode.swift; path = CategoryBuilderIO.swift; sourceTree = "<group>"; };
		5EC9E3BF2B94AF59002E1164 /* CategorySelectorAssembly.swift */ = {isa = PBXFileReference; fileEncoding = 4; lastKnownFileType = sourcecode.swift; path = CategorySelectorAssembly.swift; sourceTree = "<group>"; };
		5EC9E3C02B94AF59002E1164 /* CategorySelectorViewController.swift */ = {isa = PBXFileReference; fileEncoding = 4; lastKnownFileType = sourcecode.swift; path = CategorySelectorViewController.swift; sourceTree = "<group>"; };
		5EC9E3C12B94AF59002E1164 /* CategorySelectorRouter.swift */ = {isa = PBXFileReference; fileEncoding = 4; lastKnownFileType = sourcecode.swift; path = CategorySelectorRouter.swift; sourceTree = "<group>"; };
		5EC9E3C22B94AF59002E1164 /* CategorySelectorViewModel.swift */ = {isa = PBXFileReference; fileEncoding = 4; lastKnownFileType = sourcecode.swift; path = CategorySelectorViewModel.swift; sourceTree = "<group>"; };
		5EC9E3C32B94AF59002E1164 /* CategorySelectorIO.swift */ = {isa = PBXFileReference; fileEncoding = 4; lastKnownFileType = sourcecode.swift; path = CategorySelectorIO.swift; sourceTree = "<group>"; };
		5EC9E3C42B94AF59002E1164 /* TrackersAssembly.swift */ = {isa = PBXFileReference; fileEncoding = 4; lastKnownFileType = sourcecode.swift; path = TrackersAssembly.swift; sourceTree = "<group>"; };
		5EC9E3C52B94AF59002E1164 /* TrackersPresenter.swift */ = {isa = PBXFileReference; fileEncoding = 4; lastKnownFileType = sourcecode.swift; path = TrackersPresenter.swift; sourceTree = "<group>"; };
		5EC9E3C82B94AF59002E1164 /* OnboardingManagerAssembly.swift */ = {isa = PBXFileReference; fileEncoding = 4; lastKnownFileType = sourcecode.swift; path = OnboardingManagerAssembly.swift; sourceTree = "<group>"; };
		5EC9E3C92B94AF59002E1164 /* OnboardingManagerViewController.swift */ = {isa = PBXFileReference; fileEncoding = 4; lastKnownFileType = sourcecode.swift; path = OnboardingManagerViewController.swift; sourceTree = "<group>"; };
		5EC9E3CA2B94AF59002E1164 /* OnboardingManagerPresenter.swift */ = {isa = PBXFileReference; fileEncoding = 4; lastKnownFileType = sourcecode.swift; path = OnboardingManagerPresenter.swift; sourceTree = "<group>"; };
		5EC9E3CB2B94AF59002E1164 /* OnboardingManagerRouter.swift */ = {isa = PBXFileReference; fileEncoding = 4; lastKnownFileType = sourcecode.swift; path = OnboardingManagerRouter.swift; sourceTree = "<group>"; };
		5EC9E3CD2B94AF59002E1164 /* OnboardingRouter.swift */ = {isa = PBXFileReference; fileEncoding = 4; lastKnownFileType = sourcecode.swift; path = OnboardingRouter.swift; sourceTree = "<group>"; };
		5EC9E3CE2B94AF59002E1164 /* OnboardingPresenter.swift */ = {isa = PBXFileReference; fileEncoding = 4; lastKnownFileType = sourcecode.swift; path = OnboardingPresenter.swift; sourceTree = "<group>"; };
		5EC9E3CF2B94AF59002E1164 /* OnboardingViewController.swift */ = {isa = PBXFileReference; fileEncoding = 4; lastKnownFileType = sourcecode.swift; path = OnboardingViewController.swift; sourceTree = "<group>"; };
		5EC9E3D02B94AF59002E1164 /* OnboardingAssembly.swift */ = {isa = PBXFileReference; fileEncoding = 4; lastKnownFileType = sourcecode.swift; path = OnboardingAssembly.swift; sourceTree = "<group>"; };
		5EC9E3D12B94AF59002E1164 /* TabBarController.swift */ = {isa = PBXFileReference; fileEncoding = 4; lastKnownFileType = sourcecode.swift; path = TabBarController.swift; sourceTree = "<group>"; };
		5EC9E3D22B94AF59002E1164 /* AppDelegate.swift */ = {isa = PBXFileReference; fileEncoding = 4; lastKnownFileType = sourcecode.swift; name = AppDelegate.swift; path = Source/AppDelegate.swift; sourceTree = "<group>"; };
		5EC9E3D82B94AF59002E1164 /* UICollectionView+Ext.swift */ = {isa = PBXFileReference; fileEncoding = 4; lastKnownFileType = sourcecode.swift; path = "UICollectionView+Ext.swift"; sourceTree = "<group>"; };
		5EC9E3D92B94AF59002E1164 /* UITableView+Ext.swift */ = {isa = PBXFileReference; fileEncoding = 4; lastKnownFileType = sourcecode.swift; path = "UITableView+Ext.swift"; sourceTree = "<group>"; };
		5EC9E3DA2B94AF59002E1164 /* UIColor+Ext.swift */ = {isa = PBXFileReference; fileEncoding = 4; lastKnownFileType = sourcecode.swift; path = "UIColor+Ext.swift"; sourceTree = "<group>"; };
		5EC9E3DB2B94AF59002E1164 /* UIView+Ext.swift */ = {isa = PBXFileReference; fileEncoding = 4; lastKnownFileType = sourcecode.swift; path = "UIView+Ext.swift"; sourceTree = "<group>"; };
		5EC9E3DC2B94AF59002E1164 /* NSManagedObjectContext+Ext.swift */ = {isa = PBXFileReference; fileEncoding = 4; lastKnownFileType = sourcecode.swift; path = "NSManagedObjectContext+Ext.swift"; sourceTree = "<group>"; };
		5EC9E3DD2B94AF59002E1164 /* String+Ext.swift */ = {isa = PBXFileReference; fileEncoding = 4; lastKnownFileType = sourcecode.swift; path = "String+Ext.swift"; sourceTree = "<group>"; };
		5EC9E3E02B94AF59002E1164 /* CoreDataStorage.swift */ = {isa = PBXFileReference; fileEncoding = 4; lastKnownFileType = sourcecode.swift; path = CoreDataStorage.swift; sourceTree = "<group>"; };
		5EC9E3E22B94AF59002E1164 /* TrackerModel.xcdatamodel */ = {isa = PBXFileReference; lastKnownFileType = wrapper.xcdatamodel; path = TrackerModel.xcdatamodel; sourceTree = "<group>"; };
		5EC9E3E42B94AF59002E1164 /* TrackerCategory.swift */ = {isa = PBXFileReference; fileEncoding = 4; lastKnownFileType = sourcecode.swift; path = TrackerCategory.swift; sourceTree = "<group>"; };
		5EC9E3E52B94AF59002E1164 /* WeekDay.swift */ = {isa = PBXFileReference; fileEncoding = 4; lastKnownFileType = sourcecode.swift; path = WeekDay.swift; sourceTree = "<group>"; };
		5EC9E3E72B94AF59002E1164 /* TrackerRecordStore.swift */ = {isa = PBXFileReference; fileEncoding = 4; lastKnownFileType = sourcecode.swift; path = TrackerRecordStore.swift; sourceTree = "<group>"; };
		5EC9E3E82B94AF59002E1164 /* TrackerStore.swift */ = {isa = PBXFileReference; fileEncoding = 4; lastKnownFileType = sourcecode.swift; path = TrackerStore.swift; sourceTree = "<group>"; };
		5EC9E3E92B94AF59002E1164 /* TrackerCategoryStore.swift */ = {isa = PBXFileReference; fileEncoding = 4; lastKnownFileType = sourcecode.swift; path = TrackerCategoryStore.swift; sourceTree = "<group>"; };
		5EC9E3EA2B94AF59002E1164 /* Tracker.swift */ = {isa = PBXFileReference; fileEncoding = 4; lastKnownFileType = sourcecode.swift; path = Tracker.swift; sourceTree = "<group>"; };
		5EC9E3EB2B94AF59002E1164 /* TrackerRecord.swift */ = {isa = PBXFileReference; fileEncoding = 4; lastKnownFileType = sourcecode.swift; path = TrackerRecord.swift; sourceTree = "<group>"; };
		5EC9E3EC2B94AF59002E1164 /* Info.plist */ = {isa = PBXFileReference; fileEncoding = 4; lastKnownFileType = text.plist.xml; name = Info.plist; path = Source/Info.plist; sourceTree = "<group>"; };
		5EC9E3ED2B94AF59002E1164 /* SceneDelegate.swift */ = {isa = PBXFileReference; fileEncoding = 4; lastKnownFileType = sourcecode.swift; name = SceneDelegate.swift; path = Source/SceneDelegate.swift; sourceTree = "<group>"; };
		5EC9E4412B94B3E4002E1164 /* Base */ = {isa = PBXFileReference; lastKnownFileType = file.storyboard; name = Base; path = Source/Base.lproj/LaunchScreen.storyboard; sourceTree = "<group>"; };
		5EC9E4432B94B4C9002E1164 /* Bundle+Ext.swift */ = {isa = PBXFileReference; lastKnownFileType = sourcecode.swift; path = "Bundle+Ext.swift"; sourceTree = "<group>"; };
		7C1036B466D69FECD5171BEA /* libPods-Tracker.a */ = {isa = PBXFileReference; explicitFileType = archive.ar; includeInIndex = 0; path = "libPods-Tracker.a"; sourceTree = BUILT_PRODUCTS_DIR; };
		CF0E2A5CB716FC734FD581EE /* Pods-Tracker.release.xcconfig */ = {isa = PBXFileReference; includeInIndex = 1; lastKnownFileType = text.xcconfig; name = "Pods-Tracker.release.xcconfig"; path = "Target Support Files/Pods-Tracker/Pods-Tracker.release.xcconfig"; sourceTree = "<group>"; };
		DE5A77A627DE4D47E219FA58 /* Pods-Tracker.debug.xcconfig */ = {isa = PBXFileReference; includeInIndex = 1; lastKnownFileType = text.xcconfig; name = "Pods-Tracker.debug.xcconfig"; path = "Target Support Files/Pods-Tracker/Pods-Tracker.debug.xcconfig"; sourceTree = "<group>"; };
/* End PBXFileReference section */

/* Begin PBXFrameworksBuildPhase section */
		5E7841792B4A92F500062777 /* Frameworks */ = {
			isa = PBXFrameworksBuildPhase;
			buildActionMask = 2147483647;
			files = (
				3476751D1CE823F3290BE58F /* libPods-Tracker.a in Frameworks */,
			);
			runOnlyForDeploymentPostprocessing = 0;
		};
/* End PBXFrameworksBuildPhase section */

/* Begin PBXGroup section */
		2605ECA16A2F73FBE0954161 /* Pods */ = {
			isa = PBXGroup;
			children = (
				DE5A77A627DE4D47E219FA58 /* Pods-Tracker.debug.xcconfig */,
				CF0E2A5CB716FC734FD581EE /* Pods-Tracker.release.xcconfig */,
			);
			path = Pods;
			sourceTree = "<group>";
		};
		5E69F0072B73C9B400637095 /* Resources */ = {
			isa = PBXGroup;
			children = (
				5EC9E3792B94AEA8002E1164 /* Generated */,
				5E69F00E2B73CA1800637095 /* Localizable.strings */,
				5EC9E3752B93C156002E1164 /* Localizable.stringsdict */,
			);
			path = Resources;
			sourceTree = "<group>";
		};
		5E7841732B4A92F500062777 = {
			isa = PBXGroup;
			children = (
				5E78417E2B4A92F500062777 /* Tracker */,
				5E78417D2B4A92F500062777 /* Products */,
				2605ECA16A2F73FBE0954161 /* Pods */,
				A40CC9AA4378056E9FC56016 /* Frameworks */,
			);
			sourceTree = "<group>";
		};
		5E78417D2B4A92F500062777 /* Products */ = {
			isa = PBXGroup;
			children = (
				5E78417C2B4A92F500062777 /* Tracker.app */,
			);
			name = Products;
			sourceTree = "<group>";
		};
		5E78417E2B4A92F500062777 /* Tracker */ = {
			isa = PBXGroup;
			children = (
				5EC9E3842B94AF59002E1164 /* Components */,
				5EC9E3DF2B94AF59002E1164 /* CoreData */,
				5EC9E3E32B94AF59002E1164 /* Models */,
				5EC9E38A2B94AF59002E1164 /* Presentation */,
				5EC9E37E2B94AF59002E1164 /* Repositories */,
				5EC9E3D62B94AF59002E1164 /* Extensions */,
				5EC9E3812B94AF59002E1164 /* Utils */,
				5E69F0072B73C9B400637095 /* Resources */,
				5EC9E3ED2B94AF59002E1164 /* SceneDelegate.swift */,
				5EC9E3D22B94AF59002E1164 /* AppDelegate.swift */,
				5EC9E3EC2B94AF59002E1164 /* Info.plist */,
				5EC9E3772B94AE9E002E1164 /* Assets.xcassets */,
				5EC9E4402B94B3E4002E1164 /* LaunchScreen.storyboard */,
			);
			path = Tracker;
			sourceTree = "<group>";
		};
		5EC9E3792B94AEA8002E1164 /* Generated */ = {
			isa = PBXGroup;
			children = (
				5EBD0F5B2B94C179004E1D25 /* Assets.swift */,
				5EBD0F5A2B94C179004E1D25 /* Localization.swift */,
			);
			path = Generated;
			sourceTree = "<group>";
		};
		5EC9E37E2B94AF59002E1164 /* Repositories */ = {
			isa = PBXGroup;
			children = (
				5EC9E37F2B94AF59002E1164 /* TrackerRepository.swift */,
				5EC9E3802B94AF59002E1164 /* AuthStorage.swift */,
			);
			name = Repositories;
			path = Source/Repositories;
			sourceTree = "<group>";
		};
		5EC9E3812B94AF59002E1164 /* Utils */ = {
			isa = PBXGroup;
			children = (
				5EC9E3822B94AF59002E1164 /* Binding.swift */,
				5EC9E3832B94AF59002E1164 /* WeekDayTransformer.swift */,
			);
			name = Utils;
			path = Source/Utils;
			sourceTree = "<group>";
		};
		5EC9E3842B94AF59002E1164 /* Components */ = {
			isa = PBXGroup;
			children = (
				5EC9E3852B94AF59002E1164 /* Cells */,
				5EC9E3882B94AF59002E1164 /* Views */,
			);
			name = Components;
			path = Source/Components;
			sourceTree = "<group>";
		};
		5EC9E3852B94AF59002E1164 /* Cells */ = {
			isa = PBXGroup;
			children = (
				5EC9E3862B94AF59002E1164 /* PrimarySupplementaryHeader.swift */,
				5EC9E3872B94AF59002E1164 /* PrimaryCell.swift */,
			);
			path = Cells;
			sourceTree = "<group>";
		};
		5EC9E3882B94AF59002E1164 /* Views */ = {
			isa = PBXGroup;
			children = (
				5EC9E3892B94AF59002E1164 /* PrimaryButton.swift */,
			);
			path = Views;
			sourceTree = "<group>";
		};
		5EC9E38A2B94AF59002E1164 /* Presentation */ = {
			isa = PBXGroup;
			children = (
				5EC9E38B2B94AF59002E1164 /* Splash */,
				5EC9E3902B94AF59002E1164 /* Statistics */,
				5EC9E3952B94AF59002E1164 /* Trackers */,
				5EC9E3C62B94AF59002E1164 /* Onboarding */,
				5EC9E3D12B94AF59002E1164 /* TabBarController.swift */,
			);
			name = Presentation;
			path = Source/Presentation;
			sourceTree = "<group>";
		};
		5EC9E38B2B94AF59002E1164 /* Splash */ = {
			isa = PBXGroup;
			children = (
				5EC9E38C2B94AF59002E1164 /* SplashViewController.swift */,
				5EC9E38D2B94AF59002E1164 /* SplashPresenter.swift */,
				5EC9E38E2B94AF59002E1164 /* SplashRouter.swift */,
				5EC9E38F2B94AF59002E1164 /* SplashAssembly.swift */,
			);
			path = Splash;
			sourceTree = "<group>";
		};
		5EC9E3902B94AF59002E1164 /* Statistics */ = {
			isa = PBXGroup;
			children = (
				5EC9E3912B94AF59002E1164 /* StatisticsPresenter.swift */,
				5EC9E3922B94AF59002E1164 /* StatisticsRouter.swift */,
				5EC9E3932B94AF59002E1164 /* StatisticsViewController.swift */,
				5EC9E3942B94AF59002E1164 /* StatisticsAssembly.swift */,
			);
			path = Statistics;
			sourceTree = "<group>";
		};
		5EC9E3952B94AF59002E1164 /* Trackers */ = {
			isa = PBXGroup;
			children = (
				5EC9E39C2B94AF59002E1164 /* EventsBuilder */,
				5EC9E3962B94AF59002E1164 /* Cells */,
				5EC9E39A2B94AF59002E1164 /* TrackersRouter.swift */,
				5EC9E39B2B94AF59002E1164 /* TrackersViewController.swift */,
				5EC9E3C42B94AF59002E1164 /* TrackersAssembly.swift */,
				5EC9E3C52B94AF59002E1164 /* TrackersPresenter.swift */,
			);
			path = Trackers;
			sourceTree = "<group>";
		};
		5EC9E3962B94AF59002E1164 /* Cells */ = {
			isa = PBXGroup;
			children = (
				5EC9E3972B94AF59002E1164 /* TrackersLayoutProvider.swift */,
				5EC9E3982B94AF59002E1164 /* EmojiView.swift */,
				5EC9E3992B94AF59002E1164 /* TrackersCell.swift */,
			);
			path = Cells;
			sourceTree = "<group>";
		};
		5EC9E39C2B94AF59002E1164 /* EventsBuilder */ = {
			isa = PBXGroup;
			children = (
				5EC9E39D2B94AF59002E1164 /* EventsSelector */,
				5EC9E3A22B94AF59002E1164 /* EventsSchedule */,
				5EC9E3AA2B94AF59002E1164 /* EventsBuilder */,
				5EC9E3B72B94AF59002E1164 /* EventsCategory */,
			);
			path = EventsBuilder;
			sourceTree = "<group>";
		};
		5EC9E39D2B94AF59002E1164 /* EventsSelector */ = {
			isa = PBXGroup;
			children = (
				5EC9E39E2B94AF59002E1164 /* EventsSelectorViewController.swift */,
				5EC9E39F2B94AF59002E1164 /* EventsSelectorAssembly.swift */,
				5EC9E3A02B94AF59002E1164 /* EventsSelectorPresenter.swift */,
				5EC9E3A12B94AF59002E1164 /* EventsSelectorRouter.swift */,
			);
			path = EventsSelector;
			sourceTree = "<group>";
		};
		5EC9E3A22B94AF59002E1164 /* EventsSchedule */ = {
			isa = PBXGroup;
			children = (
				5EC9E3A32B94AF59002E1164 /* EventsScheduleRouter.swift */,
				5EC9E3A42B94AF59002E1164 /* Cells */,
				5EC9E3A62B94AF59002E1164 /* EventsSchedulePresenter.swift */,
				5EC9E3A72B94AF59002E1164 /* EventsScheduleViewController.swift */,
				5EC9E3A82B94AF59002E1164 /* EventsScheduleAssembly.swift */,
				5EC9E3A92B94AF59002E1164 /* EventsScheduleIO.swift */,
			);
			path = EventsSchedule;
			sourceTree = "<group>";
		};
		5EC9E3A42B94AF59002E1164 /* Cells */ = {
			isa = PBXGroup;
			children = (
				5EC9E3A52B94AF59002E1164 /* WeekDayCell.swift */,
			);
			path = Cells;
			sourceTree = "<group>";
		};
		5EC9E3AA2B94AF59002E1164 /* EventsBuilder */ = {
			isa = PBXGroup;
			children = (
				5EC9E3AB2B94AF59002E1164 /* DataSource */,
				5EC9E3AD2B94AF59002E1164 /* EventsBuilderViewController.swift */,
				5EC9E3AE2B94AF59002E1164 /* Cells */,
				5EC9E3B22B94AF59002E1164 /* EventsBuilderRouter.swift */,
				5EC9E3B32B94AF59002E1164 /* EventsBuilderPresenter.swift */,
				5EC9E3B42B94AF59002E1164 /* EventType.swift */,
				5EC9E3B52B94AF59002E1164 /* EventsBuilderIO.swift */,
				5EC9E3B62B94AF59002E1164 /* EventsBuilderAssembly.swift */,
			);
			path = EventsBuilder;
			sourceTree = "<group>";
		};
		5EC9E3AB2B94AF59002E1164 /* DataSource */ = {
			isa = PBXGroup;
			children = (
				5EC9E3AC2B94AF59002E1164 /* BuilderDataProvider.swift */,
			);
			path = DataSource;
			sourceTree = "<group>";
		};
		5EC9E3AE2B94AF59002E1164 /* Cells */ = {
			isa = PBXGroup;
			children = (
				5EC9E3AF2B94AF59002E1164 /* EventsBuilderLayoutProvider.swift */,
				5EC9E3B02B94AF59002E1164 /* ColorCell.swift */,
				5EC9E3B12B94AF59002E1164 /* EmojiCell.swift */,
			);
			path = Cells;
			sourceTree = "<group>";
		};
		5EC9E3B72B94AF59002E1164 /* EventsCategory */ = {
			isa = PBXGroup;
			children = (
				5EC9E3B82B94AF59002E1164 /* CategoryBuilder */,
				5EC9E3BE2B94AF59002E1164 /* CategorySelector */,
			);
			path = EventsCategory;
			sourceTree = "<group>";
		};
		5EC9E3B82B94AF59002E1164 /* CategoryBuilder */ = {
			isa = PBXGroup;
			children = (
				5EC9E3B92B94AF59002E1164 /* CategoryBuilderPresenter.swift */,
				5EC9E3BA2B94AF59002E1164 /* CategoryBuilderAssembly.swift */,
				5EC9E3BB2B94AF59002E1164 /* CategoryBuilderRouter.swift */,
				5EC9E3BC2B94AF59002E1164 /* CategoryBuilderViewController.swift */,
				5EC9E3BD2B94AF59002E1164 /* CategoryBuilderIO.swift */,
			);
			path = CategoryBuilder;
			sourceTree = "<group>";
		};
		5EC9E3BE2B94AF59002E1164 /* CategorySelector */ = {
			isa = PBXGroup;
			children = (
				5EC9E3BF2B94AF59002E1164 /* CategorySelectorAssembly.swift */,
				5EC9E3C02B94AF59002E1164 /* CategorySelectorViewController.swift */,
				5EC9E3C12B94AF59002E1164 /* CategorySelectorRouter.swift */,
				5EC9E3C22B94AF59002E1164 /* CategorySelectorViewModel.swift */,
				5EC9E3C32B94AF59002E1164 /* CategorySelectorIO.swift */,
			);
			path = CategorySelector;
			sourceTree = "<group>";
		};
		5EC9E3C62B94AF59002E1164 /* Onboarding */ = {
			isa = PBXGroup;
			children = (
				5EC9E3C72B94AF59002E1164 /* OnboardingManager */,
				5EC9E3CC2B94AF59002E1164 /* Onboarding */,
			);
			path = Onboarding;
			sourceTree = "<group>";
		};
		5EC9E3C72B94AF59002E1164 /* OnboardingManager */ = {
			isa = PBXGroup;
			children = (
				5EC9E3C82B94AF59002E1164 /* OnboardingManagerAssembly.swift */,
				5EC9E3C92B94AF59002E1164 /* OnboardingManagerViewController.swift */,
				5EC9E3CA2B94AF59002E1164 /* OnboardingManagerPresenter.swift */,
				5EC9E3CB2B94AF59002E1164 /* OnboardingManagerRouter.swift */,
			);
			path = OnboardingManager;
			sourceTree = "<group>";
		};
		5EC9E3CC2B94AF59002E1164 /* Onboarding */ = {
			isa = PBXGroup;
			children = (
				5EC9E3CD2B94AF59002E1164 /* OnboardingRouter.swift */,
				5EC9E3CE2B94AF59002E1164 /* OnboardingPresenter.swift */,
				5EC9E3CF2B94AF59002E1164 /* OnboardingViewController.swift */,
				5EC9E3D02B94AF59002E1164 /* OnboardingAssembly.swift */,
			);
			path = Onboarding;
			sourceTree = "<group>";
		};
		5EC9E3D62B94AF59002E1164 /* Extensions */ = {
			isa = PBXGroup;
			children = (
				5EC9E3D72B94AF59002E1164 /* UI */,
				5EC9E3DC2B94AF59002E1164 /* NSManagedObjectContext+Ext.swift */,
				5EC9E3DD2B94AF59002E1164 /* String+Ext.swift */,
				5EC9E4432B94B4C9002E1164 /* Bundle+Ext.swift */,
			);
			name = Extensions;
			path = Source/Extensions;
			sourceTree = "<group>";
		};
		5EC9E3D72B94AF59002E1164 /* UI */ = {
			isa = PBXGroup;
			children = (
				5EC9E3D82B94AF59002E1164 /* UICollectionView+Ext.swift */,
				5EC9E3D92B94AF59002E1164 /* UITableView+Ext.swift */,
				5EC9E3DA2B94AF59002E1164 /* UIColor+Ext.swift */,
				5EC9E3DB2B94AF59002E1164 /* UIView+Ext.swift */,
			);
			path = UI;
			sourceTree = "<group>";
		};
		5EC9E3DF2B94AF59002E1164 /* CoreData */ = {
			isa = PBXGroup;
			children = (
				5EC9E3E02B94AF59002E1164 /* CoreDataStorage.swift */,
				5EC9E3E12B94AF59002E1164 /* TrackerModel.xcdatamodeld */,
			);
			name = CoreData;
			path = Source/CoreData;
			sourceTree = "<group>";
		};
		5EC9E3E32B94AF59002E1164 /* Models */ = {
			isa = PBXGroup;
			children = (
				5EC9E3E42B94AF59002E1164 /* TrackerCategory.swift */,
				5EC9E3E52B94AF59002E1164 /* WeekDay.swift */,
				5EC9E3E62B94AF59002E1164 /* Stores */,
				5EC9E3EA2B94AF59002E1164 /* Tracker.swift */,
				5EC9E3EB2B94AF59002E1164 /* TrackerRecord.swift */,
			);
			name = Models;
			path = Source/Models;
			sourceTree = "<group>";
		};
		5EC9E3E62B94AF59002E1164 /* Stores */ = {
			isa = PBXGroup;
			children = (
				5EC9E3E72B94AF59002E1164 /* TrackerRecordStore.swift */,
				5EC9E3E82B94AF59002E1164 /* TrackerStore.swift */,
				5EC9E3E92B94AF59002E1164 /* TrackerCategoryStore.swift */,
			);
			path = Stores;
			sourceTree = "<group>";
		};
		A40CC9AA4378056E9FC56016 /* Frameworks */ = {
			isa = PBXGroup;
			children = (
				7C1036B466D69FECD5171BEA /* libPods-Tracker.a */,
			);
			name = Frameworks;
			sourceTree = "<group>";
		};
/* End PBXGroup section */

/* Begin PBXNativeTarget section */
		5E78417B2B4A92F500062777 /* Tracker */ = {
			isa = PBXNativeTarget;
			buildConfigurationList = 5E7841902B4A92FA00062777 /* Build configuration list for PBXNativeTarget "Tracker" */;
			buildPhases = (
				55E48C0E282C32CC15B89162 /* [CP] Check Pods Manifest.lock */,
				5E7841782B4A92F500062777 /* Sources */,
				5E7841792B4A92F500062777 /* Frameworks */,
				5EC9E44B2B94B868002E1164 /* Resources */,
				5EC9E4512B94BB8A002E1164 /* ShellScript */,
			);
			buildRules = (
			);
			dependencies = (
			);
			name = Tracker;
			productName = Tracker;
			productReference = 5E78417C2B4A92F500062777 /* Tracker.app */;
			productType = "com.apple.product-type.application";
		};
/* End PBXNativeTarget section */

/* Begin PBXProject section */
		5E7841742B4A92F500062777 /* Project object */ = {
			isa = PBXProject;
			attributes = {
				BuildIndependentTargetsInParallel = 1;
				LastSwiftUpdateCheck = 1510;
				LastUpgradeCheck = 1510;
				TargetAttributes = {
					5E78417B2B4A92F500062777 = {
						CreatedOnToolsVersion = 15.1;
					};
				};
			};
			buildConfigurationList = 5E7841772B4A92F500062777 /* Build configuration list for PBXProject "Tracker" */;
			compatibilityVersion = "Xcode 14.0";
			developmentRegion = en;
			hasScannedForEncodings = 0;
			knownRegions = (
				en,
				Base,
				ru,
			);
			mainGroup = 5E7841732B4A92F500062777;
			productRefGroup = 5E78417D2B4A92F500062777 /* Products */;
			projectDirPath = "";
			projectRoot = "";
			targets = (
				5E78417B2B4A92F500062777 /* Tracker */,
			);
		};
/* End PBXProject section */

/* Begin PBXResourcesBuildPhase section */
		5EC9E44B2B94B868002E1164 /* Resources */ = {
			isa = PBXResourcesBuildPhase;
			buildActionMask = 2147483647;
			files = (
				5EC9E44C2B94B876002E1164 /* Localizable.strings in Resources */,
				5EC9E44D2B94B876002E1164 /* Localizable.stringsdict in Resources */,
				5EC9E44F2B94B876002E1164 /* Assets.xcassets in Resources */,
				5EC9E4502B94B876002E1164 /* LaunchScreen.storyboard in Resources */,
			);
			runOnlyForDeploymentPostprocessing = 0;
		};
/* End PBXResourcesBuildPhase section */

/* Begin PBXShellScriptBuildPhase section */
		55E48C0E282C32CC15B89162 /* [CP] Check Pods Manifest.lock */ = {
			isa = PBXShellScriptBuildPhase;
			buildActionMask = 2147483647;
			files = (
			);
			inputFileListPaths = (
			);
			inputPaths = (
				"${PODS_PODFILE_DIR_PATH}/Podfile.lock",
				"${PODS_ROOT}/Manifest.lock",
			);
			name = "[CP] Check Pods Manifest.lock";
			outputFileListPaths = (
			);
			outputPaths = (
				"$(DERIVED_FILE_DIR)/Pods-Tracker-checkManifestLockResult.txt",
			);
			runOnlyForDeploymentPostprocessing = 0;
			shellPath = /bin/sh;
			shellScript = "diff \"${PODS_PODFILE_DIR_PATH}/Podfile.lock\" \"${PODS_ROOT}/Manifest.lock\" > /dev/null\nif [ $? != 0 ] ; then\n    # print error to STDERR\n    echo \"error: The sandbox is not in sync with the Podfile.lock. Run 'pod install' or update your CocoaPods installation.\" >&2\n    exit 1\nfi\n# This output is used by Xcode 'outputs' to avoid re-running this script phase.\necho \"SUCCESS\" > \"${SCRIPT_OUTPUT_FILE_0}\"\n";
			showEnvVarsInLog = 0;
		};
		5EC9E4512B94BB8A002E1164 /* ShellScript */ = {
			isa = PBXShellScriptBuildPhase;
			buildActionMask = 2147483647;
			files = (
			);
			inputFileListPaths = (
			);
			inputPaths = (
			);
			outputFileListPaths = (
			);
			outputPaths = (
			);
			runOnlyForDeploymentPostprocessing = 0;
			shellPath = /bin/sh;
			shellScript = "if [[ -f \"${PODS_ROOT}/SwiftGen/bin/swiftgen\" ]]; then\n  \"${PODS_ROOT}/SwiftGen/bin/swiftgen\"\nelse\n  echo \"warning: SwiftGen is not installed. Run 'pod install --repo-update' to install it.\"\nfi \n";
		};
/* End PBXShellScriptBuildPhase section */

/* Begin PBXSourcesBuildPhase section */
		5E7841782B4A92F500062777 /* Sources */ = {
			isa = PBXSourcesBuildPhase;
			buildActionMask = 2147483647;
			files = (
				5EC9E4302B94AF59002E1164 /* UIView+Ext.swift in Sources */,
				5EC9E3F42B94AF59002E1164 /* PrimaryButton.swift in Sources */,
				5EC9E4012B94AF59002E1164 /* TrackersViewController.swift in Sources */,
				5EC9E41F2B94AF59002E1164 /* CategorySelectorIO.swift in Sources */,
				5EC9E4092B94AF59002E1164 /* EventsScheduleViewController.swift in Sources */,
				5EC9E4282B94AF59002E1164 /* OnboardingViewController.swift in Sources */,
				5EC9E4182B94AF59002E1164 /* CategoryBuilderRouter.swift in Sources */,
				5EC9E4212B94AF59002E1164 /* TrackersPresenter.swift in Sources */,
				5EC9E43A2B94AF59002E1164 /* TrackerCategoryStore.swift in Sources */,
				5EC9E4322B94AF59002E1164 /* String+Ext.swift in Sources */,
				5EC9E3FD2B94AF59002E1164 /* TrackersLayoutProvider.swift in Sources */,
				5EC9E43E2B94AF59002E1164 /* SceneDelegate.swift in Sources */,
				5EC9E41C2B94AF59002E1164 /* CategorySelectorViewController.swift in Sources */,
				5EC9E4222B94AF59002E1164 /* OnboardingManagerAssembly.swift in Sources */,
				5EC9E3F92B94AF59002E1164 /* StatisticsPresenter.swift in Sources */,
				5EC9E4142B94AF59002E1164 /* EventsBuilderIO.swift in Sources */,
				5EC9E40C2B94AF59002E1164 /* BuilderDataProvider.swift in Sources */,
				5EC9E41B2B94AF59002E1164 /* CategorySelectorAssembly.swift in Sources */,
				5EC9E41E2B94AF59002E1164 /* CategorySelectorViewModel.swift in Sources */,
				5EC9E4132B94AF59002E1164 /* EventType.swift in Sources */,
				5EC9E4362B94AF59002E1164 /* TrackerCategory.swift in Sources */,
				5EC9E4292B94AF59002E1164 /* OnboardingAssembly.swift in Sources */,
				5EC9E4052B94AF59002E1164 /* EventsSelectorRouter.swift in Sources */,
				5EC9E3F72B94AF59002E1164 /* SplashRouter.swift in Sources */,
				5EC9E3FC2B94AF59002E1164 /* StatisticsAssembly.swift in Sources */,
				5EC9E3F32B94AF59002E1164 /* PrimaryCell.swift in Sources */,
				5EC9E43C2B94AF59002E1164 /* TrackerRecord.swift in Sources */,
				5EC9E4042B94AF59002E1164 /* EventsSelectorPresenter.swift in Sources */,
				5EBD0F5D2B94C179004E1D25 /* Assets.swift in Sources */,
				5EC9E4002B94AF59002E1164 /* TrackersRouter.swift in Sources */,
				5EC9E40B2B94AF59002E1164 /* EventsScheduleIO.swift in Sources */,
				5EC9E42D2B94AF59002E1164 /* UICollectionView+Ext.swift in Sources */,
				5EC9E4392B94AF59002E1164 /* TrackerStore.swift in Sources */,
				5EC9E43B2B94AF59002E1164 /* Tracker.swift in Sources */,
				5EC9E4072B94AF59002E1164 /* WeekDayCell.swift in Sources */,
				5EC9E41A2B94AF59002E1164 /* CategoryBuilderIO.swift in Sources */,
				5EC9E3F82B94AF59002E1164 /* SplashAssembly.swift in Sources */,
				5EC9E3F22B94AF59002E1164 /* PrimarySupplementaryHeader.swift in Sources */,
				5EC9E4272B94AF59002E1164 /* OnboardingPresenter.swift in Sources */,
				5EC9E40E2B94AF59002E1164 /* EventsBuilderLayoutProvider.swift in Sources */,
				5EC9E4242B94AF59002E1164 /* OnboardingManagerPresenter.swift in Sources */,
				5EC9E42E2B94AF59002E1164 /* UITableView+Ext.swift in Sources */,
				5EC9E4312B94AF59002E1164 /* NSManagedObjectContext+Ext.swift in Sources */,
				5EC9E4162B94AF59002E1164 /* CategoryBuilderPresenter.swift in Sources */,
				5EC9E4382B94AF59002E1164 /* TrackerRecordStore.swift in Sources */,
				5EC9E4352B94AF59002E1164 /* TrackerModel.xcdatamodeld in Sources */,
				5EC9E4232B94AF59002E1164 /* OnboardingManagerViewController.swift in Sources */,
				5EC9E41D2B94AF59002E1164 /* CategorySelectorRouter.swift in Sources */,
				5EC9E4372B94AF59002E1164 /* WeekDay.swift in Sources */,
				5EC9E4172B94AF59002E1164 /* CategoryBuilderAssembly.swift in Sources */,
				5EC9E4152B94AF59002E1164 /* EventsBuilderAssembly.swift in Sources */,
				5EBD0F5C2B94C179004E1D25 /* Localization.swift in Sources */,
				5EC9E3F62B94AF59002E1164 /* SplashPresenter.swift in Sources */,
				5EC9E4202B94AF59002E1164 /* TrackersAssembly.swift in Sources */,
				5EC9E42A2B94AF59002E1164 /* TabBarController.swift in Sources */,
				5EC9E42B2B94AF59002E1164 /* AppDelegate.swift in Sources */,
				5EC9E3FA2B94AF59002E1164 /* StatisticsRouter.swift in Sources */,
				5EC9E4342B94AF59002E1164 /* CoreDataStorage.swift in Sources */,
				5EC9E3FE2B94AF59002E1164 /* EmojiView.swift in Sources */,
				5EC9E3FF2B94AF59002E1164 /* TrackersCell.swift in Sources */,
				5EC9E4252B94AF59002E1164 /* OnboardingManagerRouter.swift in Sources */,
				5EC9E4192B94AF59002E1164 /* CategoryBuilderViewController.swift in Sources */,
				5EC9E4062B94AF59002E1164 /* EventsScheduleRouter.swift in Sources */,
				5EC9E4442B94B4C9002E1164 /* Bundle+Ext.swift in Sources */,
				5EC9E4082B94AF59002E1164 /* EventsSchedulePresenter.swift in Sources */,
				5EC9E4022B94AF59002E1164 /* EventsSelectorViewController.swift in Sources */,
				5EC9E3EE2B94AF59002E1164 /* TrackerRepository.swift in Sources */,
				5EC9E3EF2B94AF59002E1164 /* AuthStorage.swift in Sources */,
				5EC9E40D2B94AF59002E1164 /* EventsBuilderViewController.swift in Sources */,
				5EC9E40F2B94AF59002E1164 /* ColorCell.swift in Sources */,
				5EC9E3F12B94AF59002E1164 /* WeekDayTransformer.swift in Sources */,
				5EC9E3F02B94AF59002E1164 /* Binding.swift in Sources */,
				5EC9E4102B94AF59002E1164 /* EmojiCell.swift in Sources */,
				5EC9E4122B94AF59002E1164 /* EventsBuilderPresenter.swift in Sources */,
				5EC9E4032B94AF59002E1164 /* EventsSelectorAssembly.swift in Sources */,
				5EC9E3F52B94AF59002E1164 /* SplashViewController.swift in Sources */,
				5EC9E3FB2B94AF59002E1164 /* StatisticsViewController.swift in Sources */,
				5EC9E4262B94AF59002E1164 /* OnboardingRouter.swift in Sources */,
				5EC9E42F2B94AF59002E1164 /* UIColor+Ext.swift in Sources */,
				5EC9E40A2B94AF59002E1164 /* EventsScheduleAssembly.swift in Sources */,
				5EC9E4112B94AF59002E1164 /* EventsBuilderRouter.swift in Sources */,
			);
			runOnlyForDeploymentPostprocessing = 0;
		};
/* End PBXSourcesBuildPhase section */

/* Begin PBXVariantGroup section */
		5E69F00E2B73CA1800637095 /* Localizable.strings */ = {
			isa = PBXVariantGroup;
			children = (
				5E69F00D2B73CA1800637095 /* en */,
				5E69F00F2B73CA2500637095 /* ru */,
			);
			name = Localizable.strings;
			sourceTree = "<group>";
		};
		5EC9E3752B93C156002E1164 /* Localizable.stringsdict */ = {
			isa = PBXVariantGroup;
			children = (
				5EC9E3742B93C156002E1164 /* en */,
				5EC9E3762B93C15B002E1164 /* ru */,
			);
			name = Localizable.stringsdict;
			sourceTree = "<group>";
		};
		5EC9E4402B94B3E4002E1164 /* LaunchScreen.storyboard */ = {
			isa = PBXVariantGroup;
			children = (
				5EC9E4412B94B3E4002E1164 /* Base */,
			);
			name = LaunchScreen.storyboard;
			sourceTree = "<group>";
		};
/* End PBXVariantGroup section */

/* Begin XCBuildConfiguration section */
		5E78418E2B4A92FA00062777 /* Debug */ = {
			isa = XCBuildConfiguration;
			buildSettings = {
				ALWAYS_SEARCH_USER_PATHS = NO;
				ASSETCATALOG_COMPILER_GENERATE_SWIFT_ASSET_SYMBOL_EXTENSIONS = NO;
				CLANG_ANALYZER_LOCALIZABILITY_NONLOCALIZED = YES;
				CLANG_ANALYZER_NONNULL = YES;
				CLANG_ANALYZER_NUMBER_OBJECT_CONVERSION = YES_AGGRESSIVE;
				CLANG_CXX_LANGUAGE_STANDARD = "gnu++20";
				CLANG_ENABLE_MODULES = YES;
				CLANG_ENABLE_OBJC_ARC = YES;
				CLANG_ENABLE_OBJC_WEAK = YES;
				CLANG_WARN_BLOCK_CAPTURE_AUTORELEASING = YES;
				CLANG_WARN_BOOL_CONVERSION = YES;
				CLANG_WARN_COMMA = YES;
				CLANG_WARN_CONSTANT_CONVERSION = YES;
				CLANG_WARN_DEPRECATED_OBJC_IMPLEMENTATIONS = YES;
				CLANG_WARN_DIRECT_OBJC_ISA_USAGE = YES_ERROR;
				CLANG_WARN_DOCUMENTATION_COMMENTS = YES;
				CLANG_WARN_EMPTY_BODY = YES;
				CLANG_WARN_ENUM_CONVERSION = YES;
				CLANG_WARN_INFINITE_RECURSION = YES;
				CLANG_WARN_INT_CONVERSION = YES;
				CLANG_WARN_NON_LITERAL_NULL_CONVERSION = YES;
				CLANG_WARN_OBJC_IMPLICIT_RETAIN_SELF = YES;
				CLANG_WARN_OBJC_LITERAL_CONVERSION = YES;
				CLANG_WARN_OBJC_ROOT_CLASS = YES_ERROR;
				CLANG_WARN_QUOTED_INCLUDE_IN_FRAMEWORK_HEADER = YES;
				CLANG_WARN_RANGE_LOOP_ANALYSIS = YES;
				CLANG_WARN_STRICT_PROTOTYPES = YES;
				CLANG_WARN_SUSPICIOUS_MOVE = YES;
				CLANG_WARN_UNGUARDED_AVAILABILITY = YES_AGGRESSIVE;
				CLANG_WARN_UNREACHABLE_CODE = YES;
				CLANG_WARN__DUPLICATE_METHOD_MATCH = YES;
				COPY_PHASE_STRIP = NO;
				DEBUG_INFORMATION_FORMAT = dwarf;
				ENABLE_STRICT_OBJC_MSGSEND = YES;
				ENABLE_TESTABILITY = YES;
				ENABLE_USER_SCRIPT_SANDBOXING = NO;
				GCC_C_LANGUAGE_STANDARD = gnu17;
				GCC_DYNAMIC_NO_PIC = NO;
				GCC_NO_COMMON_BLOCKS = YES;
				GCC_OPTIMIZATION_LEVEL = 0;
				GCC_PREPROCESSOR_DEFINITIONS = (
					"DEBUG=1",
					"$(inherited)",
				);
				GCC_WARN_64_TO_32_BIT_CONVERSION = YES;
				GCC_WARN_ABOUT_RETURN_TYPE = YES_ERROR;
				GCC_WARN_UNDECLARED_SELECTOR = YES;
				GCC_WARN_UNINITIALIZED_AUTOS = YES_AGGRESSIVE;
				GCC_WARN_UNUSED_FUNCTION = YES;
				GCC_WARN_UNUSED_VARIABLE = YES;
				IPHONEOS_DEPLOYMENT_TARGET = 13.4;
				LOCALIZATION_PREFERS_STRING_CATALOGS = YES;
				MTL_ENABLE_DEBUG_INFO = INCLUDE_SOURCE;
				MTL_FAST_MATH = YES;
				ONLY_ACTIVE_ARCH = YES;
				SDKROOT = iphoneos;
				SWIFT_ACTIVE_COMPILATION_CONDITIONS = "DEBUG $(inherited)";
				SWIFT_OPTIMIZATION_LEVEL = "-Onone";
			};
			name = Debug;
		};
		5E78418F2B4A92FA00062777 /* Release */ = {
			isa = XCBuildConfiguration;
			buildSettings = {
				ALWAYS_SEARCH_USER_PATHS = NO;
				ASSETCATALOG_COMPILER_GENERATE_SWIFT_ASSET_SYMBOL_EXTENSIONS = NO;
				CLANG_ANALYZER_LOCALIZABILITY_NONLOCALIZED = YES;
				CLANG_ANALYZER_NONNULL = YES;
				CLANG_ANALYZER_NUMBER_OBJECT_CONVERSION = YES_AGGRESSIVE;
				CLANG_CXX_LANGUAGE_STANDARD = "gnu++20";
				CLANG_ENABLE_MODULES = YES;
				CLANG_ENABLE_OBJC_ARC = YES;
				CLANG_ENABLE_OBJC_WEAK = YES;
				CLANG_WARN_BLOCK_CAPTURE_AUTORELEASING = YES;
				CLANG_WARN_BOOL_CONVERSION = YES;
				CLANG_WARN_COMMA = YES;
				CLANG_WARN_CONSTANT_CONVERSION = YES;
				CLANG_WARN_DEPRECATED_OBJC_IMPLEMENTATIONS = YES;
				CLANG_WARN_DIRECT_OBJC_ISA_USAGE = YES_ERROR;
				CLANG_WARN_DOCUMENTATION_COMMENTS = YES;
				CLANG_WARN_EMPTY_BODY = YES;
				CLANG_WARN_ENUM_CONVERSION = YES;
				CLANG_WARN_INFINITE_RECURSION = YES;
				CLANG_WARN_INT_CONVERSION = YES;
				CLANG_WARN_NON_LITERAL_NULL_CONVERSION = YES;
				CLANG_WARN_OBJC_IMPLICIT_RETAIN_SELF = YES;
				CLANG_WARN_OBJC_LITERAL_CONVERSION = YES;
				CLANG_WARN_OBJC_ROOT_CLASS = YES_ERROR;
				CLANG_WARN_QUOTED_INCLUDE_IN_FRAMEWORK_HEADER = YES;
				CLANG_WARN_RANGE_LOOP_ANALYSIS = YES;
				CLANG_WARN_STRICT_PROTOTYPES = YES;
				CLANG_WARN_SUSPICIOUS_MOVE = YES;
				CLANG_WARN_UNGUARDED_AVAILABILITY = YES_AGGRESSIVE;
				CLANG_WARN_UNREACHABLE_CODE = YES;
				CLANG_WARN__DUPLICATE_METHOD_MATCH = YES;
				COPY_PHASE_STRIP = NO;
				DEBUG_INFORMATION_FORMAT = "dwarf-with-dsym";
				ENABLE_NS_ASSERTIONS = NO;
				ENABLE_STRICT_OBJC_MSGSEND = YES;
				ENABLE_USER_SCRIPT_SANDBOXING = NO;
				GCC_C_LANGUAGE_STANDARD = gnu17;
				GCC_NO_COMMON_BLOCKS = YES;
				GCC_WARN_64_TO_32_BIT_CONVERSION = YES;
				GCC_WARN_ABOUT_RETURN_TYPE = YES_ERROR;
				GCC_WARN_UNDECLARED_SELECTOR = YES;
				GCC_WARN_UNINITIALIZED_AUTOS = YES_AGGRESSIVE;
				GCC_WARN_UNUSED_FUNCTION = YES;
				GCC_WARN_UNUSED_VARIABLE = YES;
				IPHONEOS_DEPLOYMENT_TARGET = 13.4;
				LOCALIZATION_PREFERS_STRING_CATALOGS = YES;
				MTL_ENABLE_DEBUG_INFO = NO;
				MTL_FAST_MATH = YES;
				SDKROOT = iphoneos;
				SWIFT_COMPILATION_MODE = wholemodule;
				VALIDATE_PRODUCT = YES;
			};
			name = Release;
		};
		5E7841912B4A92FA00062777 /* Debug */ = {
			isa = XCBuildConfiguration;
			baseConfigurationReference = DE5A77A627DE4D47E219FA58 /* Pods-Tracker.debug.xcconfig */;
			buildSettings = {
				ASSETCATALOG_COMPILER_APPICON_NAME = AppIcon;
				ASSETCATALOG_COMPILER_GLOBAL_ACCENT_COLOR_NAME = AccentColor;
				CODE_SIGN_STYLE = Automatic;
				CURRENT_PROJECT_VERSION = 1;
				DEVELOPMENT_TEAM = X7JCT2793N;
				GENERATE_INFOPLIST_FILE = YES;
				INFOPLIST_FILE = Tracker/Source/Info.plist;
				INFOPLIST_KEY_LSApplicationCategoryType = "public.app-category.productivity";
				INFOPLIST_KEY_UIApplicationSupportsIndirectInputEvents = YES;
				INFOPLIST_KEY_UILaunchStoryboardName = LaunchScreen;
				INFOPLIST_KEY_UISupportedInterfaceOrientations = UIInterfaceOrientationPortrait;
				INFOPLIST_KEY_UISupportedInterfaceOrientations_iPad = "UIInterfaceOrientationLandscapeLeft UIInterfaceOrientationLandscapeRight UIInterfaceOrientationPortrait UIInterfaceOrientationPortraitUpsideDown";
				IPHONEOS_DEPLOYMENT_TARGET = 13.4;
				LD_RUNPATH_SEARCH_PATHS = (
					"$(inherited)",
					"@executable_path/Frameworks",
				);
				MARKETING_VERSION = 1.0;
				PRODUCT_BUNDLE_IDENTIFIER = com.makovey.Tracker;
				PRODUCT_NAME = "$(TARGET_NAME)";
				SUPPORTED_PLATFORMS = "iphoneos iphonesimulator";
				SUPPORTS_MACCATALYST = NO;
				SUPPORTS_MAC_DESIGNED_FOR_IPHONE_IPAD = NO;
				SWIFT_EMIT_LOC_STRINGS = YES;
				SWIFT_VERSION = 5.0;
				TARGETED_DEVICE_FAMILY = 1;
			};
			name = Debug;
		};
		5E7841922B4A92FA00062777 /* Release */ = {
			isa = XCBuildConfiguration;
			baseConfigurationReference = CF0E2A5CB716FC734FD581EE /* Pods-Tracker.release.xcconfig */;
			buildSettings = {
				ASSETCATALOG_COMPILER_APPICON_NAME = AppIcon;
				ASSETCATALOG_COMPILER_GLOBAL_ACCENT_COLOR_NAME = AccentColor;
				CODE_SIGN_STYLE = Automatic;
				CURRENT_PROJECT_VERSION = 1;
				DEVELOPMENT_TEAM = X7JCT2793N;
				GENERATE_INFOPLIST_FILE = YES;
				INFOPLIST_FILE = Tracker/Source/Info.plist;
				INFOPLIST_KEY_LSApplicationCategoryType = "public.app-category.productivity";
				INFOPLIST_KEY_UIApplicationSupportsIndirectInputEvents = YES;
				INFOPLIST_KEY_UILaunchStoryboardName = LaunchScreen;
				INFOPLIST_KEY_UISupportedInterfaceOrientations = UIInterfaceOrientationPortrait;
				INFOPLIST_KEY_UISupportedInterfaceOrientations_iPad = "UIInterfaceOrientationLandscapeLeft UIInterfaceOrientationLandscapeRight UIInterfaceOrientationPortrait UIInterfaceOrientationPortraitUpsideDown";
				IPHONEOS_DEPLOYMENT_TARGET = 13.4;
				LD_RUNPATH_SEARCH_PATHS = (
					"$(inherited)",
					"@executable_path/Frameworks",
				);
				MARKETING_VERSION = 1.0;
				PRODUCT_BUNDLE_IDENTIFIER = com.makovey.Tracker;
				PRODUCT_NAME = "$(TARGET_NAME)";
				SUPPORTED_PLATFORMS = "iphoneos iphonesimulator";
				SUPPORTS_MACCATALYST = NO;
				SUPPORTS_MAC_DESIGNED_FOR_IPHONE_IPAD = NO;
				SWIFT_EMIT_LOC_STRINGS = YES;
				SWIFT_VERSION = 5.0;
				TARGETED_DEVICE_FAMILY = 1;
			};
			name = Release;
		};
/* End XCBuildConfiguration section */

/* Begin XCConfigurationList section */
		5E7841772B4A92F500062777 /* Build configuration list for PBXProject "Tracker" */ = {
			isa = XCConfigurationList;
			buildConfigurations = (
				5E78418E2B4A92FA00062777 /* Debug */,
				5E78418F2B4A92FA00062777 /* Release */,
			);
			defaultConfigurationIsVisible = 0;
			defaultConfigurationName = Release;
		};
		5E7841902B4A92FA00062777 /* Build configuration list for PBXNativeTarget "Tracker" */ = {
			isa = XCConfigurationList;
			buildConfigurations = (
				5E7841912B4A92FA00062777 /* Debug */,
				5E7841922B4A92FA00062777 /* Release */,
			);
			defaultConfigurationIsVisible = 0;
			defaultConfigurationName = Release;
		};
/* End XCConfigurationList section */

/* Begin XCVersionGroup section */
		5EC9E3E12B94AF59002E1164 /* TrackerModel.xcdatamodeld */ = {
			isa = XCVersionGroup;
			children = (
				5EC9E3E22B94AF59002E1164 /* TrackerModel.xcdatamodel */,
			);
			currentVersion = 5EC9E3E22B94AF59002E1164 /* TrackerModel.xcdatamodel */;
			path = TrackerModel.xcdatamodeld;
			sourceTree = "<group>";
			versionGroupType = wrapper.xcdatamodel;
		};
/* End XCVersionGroup section */
	};
	rootObject = 5E7841742B4A92F500062777 /* Project object */;
}
