// !$*UTF8*$!
{
	archiveVersion = 1;
	classes = {
	};
	objectVersion = 56;
	objects = {

/* Begin PBXBuildFile section */
		5E1987002B60164500A4538D /* PrimaryButton.swift in Sources */ = {isa = PBXBuildFile; fileRef = 5E1986FF2B60164500A4538D /* PrimaryButton.swift */; };
		5E2BD6B42B627463008A57EB /* EventsSelectorAssembly.swift in Sources */ = {isa = PBXBuildFile; fileRef = 5E2BD6B32B627463008A57EB /* EventsSelectorAssembly.swift */; };
		5E56AE932B4FF6DE007A2D97 /* TrackersCell.swift in Sources */ = {isa = PBXBuildFile; fileRef = 5E56AE922B4FF6DE007A2D97 /* TrackersCell.swift */; };
		5E56AE972B500996007A2D97 /* TrackersSupplementaryView.swift in Sources */ = {isa = PBXBuildFile; fileRef = 5E56AE962B500996007A2D97 /* TrackersSupplementaryView.swift */; };
		5E5F26B62B5D8D0600237047 /* EmojiView.swift in Sources */ = {isa = PBXBuildFile; fileRef = 5E5F26B52B5D8D0600237047 /* EmojiView.swift */; };
		5E5F26BE2B5DB2F800237047 /* EventsSelectorPresenter.swift in Sources */ = {isa = PBXBuildFile; fileRef = 5E5F26B92B5DB2F800237047 /* EventsSelectorPresenter.swift */; };
		5E5F26BF2B5DB2F800237047 /* EventsSelectorRouter.swift in Sources */ = {isa = PBXBuildFile; fileRef = 5E5F26BA2B5DB2F800237047 /* EventsSelectorRouter.swift */; };
		5E5F26C02B5DB2F800237047 /* EventsSelectorViewController.swift in Sources */ = {isa = PBXBuildFile; fileRef = 5E5F26BB2B5DB2F800237047 /* EventsSelectorViewController.swift */; };
		5E7841802B4A92F500062777 /* AppDelegate.swift in Sources */ = {isa = PBXBuildFile; fileRef = 5E78417F2B4A92F500062777 /* AppDelegate.swift */; };
		5E7841822B4A92F500062777 /* SceneDelegate.swift in Sources */ = {isa = PBXBuildFile; fileRef = 5E7841812B4A92F500062777 /* SceneDelegate.swift */; };
		5E7841892B4A92FA00062777 /* Assets.xcassets in Resources */ = {isa = PBXBuildFile; fileRef = 5E7841882B4A92FA00062777 /* Assets.xcassets */; };
		5E78418C2B4A92FA00062777 /* LaunchScreen.storyboard in Resources */ = {isa = PBXBuildFile; fileRef = 5E78418A2B4A92FA00062777 /* LaunchScreen.storyboard */; };
		5E7841952B4A991200062777 /* AssetsHelper.swift in Sources */ = {isa = PBXBuildFile; fileRef = 5E7841942B4A991200062777 /* AssetsHelper.swift */; };
		5E78419F2B4A99D000062777 /* TrackersPresenter.swift in Sources */ = {isa = PBXBuildFile; fileRef = 5E78419A2B4A99D000062777 /* TrackersPresenter.swift */; };
		5E7841A02B4A99D000062777 /* TrackersRouter.swift in Sources */ = {isa = PBXBuildFile; fileRef = 5E78419B2B4A99D000062777 /* TrackersRouter.swift */; };
		5E7841A12B4A99D000062777 /* TrackersViewController.swift in Sources */ = {isa = PBXBuildFile; fileRef = 5E78419C2B4A99D000062777 /* TrackersViewController.swift */; };
		5E7841A22B4A99D000062777 /* TrackersAssembly.swift in Sources */ = {isa = PBXBuildFile; fileRef = 5E78419D2B4A99D000062777 /* TrackersAssembly.swift */; };
		5E7841A92B4A9C9200062777 /* HabitsPresenter.swift in Sources */ = {isa = PBXBuildFile; fileRef = 5E7841A42B4A9C9200062777 /* HabitsPresenter.swift */; };
		5E7841AA2B4A9C9200062777 /* HabitsRouter.swift in Sources */ = {isa = PBXBuildFile; fileRef = 5E7841A52B4A9C9200062777 /* HabitsRouter.swift */; };
		5E7841AB2B4A9C9200062777 /* HabitsViewController.swift in Sources */ = {isa = PBXBuildFile; fileRef = 5E7841A62B4A9C9200062777 /* HabitsViewController.swift */; };
		5E7841AC2B4A9C9200062777 /* HabitsAssembly.swift in Sources */ = {isa = PBXBuildFile; fileRef = 5E7841A72B4A9C9200062777 /* HabitsAssembly.swift */; };
		5E7841AE2B4A9E8200062777 /* TabBarController.swift in Sources */ = {isa = PBXBuildFile; fileRef = 5E7841AD2B4A9E8200062777 /* TabBarController.swift */; };
		5E7841B02B4AA93A00062777 /* UIView+Ext.swift in Sources */ = {isa = PBXBuildFile; fileRef = 5E7841AF2B4AA93A00062777 /* UIView+Ext.swift */; };
		5E7841B52B4E9C6500062777 /* Tracker.swift in Sources */ = {isa = PBXBuildFile; fileRef = 5E7841B42B4E9C6500062777 /* Tracker.swift */; };
		5E7841B72B4E9C6E00062777 /* TrackerCategory.swift in Sources */ = {isa = PBXBuildFile; fileRef = 5E7841B62B4E9C6E00062777 /* TrackerCategory.swift */; };
		5E7841B92B4E9C7500062777 /* TrackerRecord.swift in Sources */ = {isa = PBXBuildFile; fileRef = 5E7841B82B4E9C7500062777 /* TrackerRecord.swift */; };
		5EF1A4792B56C93E00699BFD /* TrackersLayoutProvider.swift in Sources */ = {isa = PBXBuildFile; fileRef = 5EF1A4782B56C93E00699BFD /* TrackersLayoutProvider.swift */; };
/* End PBXBuildFile section */

/* Begin PBXFileReference section */
		5E1986FF2B60164500A4538D /* PrimaryButton.swift */ = {isa = PBXFileReference; lastKnownFileType = sourcecode.swift; path = PrimaryButton.swift; sourceTree = "<group>"; };
		5E2BD6B32B627463008A57EB /* EventsSelectorAssembly.swift */ = {isa = PBXFileReference; fileEncoding = 4; lastKnownFileType = sourcecode.swift; path = EventsSelectorAssembly.swift; sourceTree = "<group>"; };
		5E56AE922B4FF6DE007A2D97 /* TrackersCell.swift */ = {isa = PBXFileReference; lastKnownFileType = sourcecode.swift; path = TrackersCell.swift; sourceTree = "<group>"; };
		5E56AE962B500996007A2D97 /* TrackersSupplementaryView.swift */ = {isa = PBXFileReference; lastKnownFileType = sourcecode.swift; path = TrackersSupplementaryView.swift; sourceTree = "<group>"; };
		5E5F26B52B5D8D0600237047 /* EmojiView.swift */ = {isa = PBXFileReference; lastKnownFileType = sourcecode.swift; path = EmojiView.swift; sourceTree = "<group>"; };
		5E5F26B92B5DB2F800237047 /* EventsSelectorPresenter.swift */ = {isa = PBXFileReference; lastKnownFileType = sourcecode.swift; path = EventsSelectorPresenter.swift; sourceTree = "<group>"; };
		5E5F26BA2B5DB2F800237047 /* EventsSelectorRouter.swift */ = {isa = PBXFileReference; lastKnownFileType = sourcecode.swift; path = EventsSelectorRouter.swift; sourceTree = "<group>"; };
		5E5F26BB2B5DB2F800237047 /* EventsSelectorViewController.swift */ = {isa = PBXFileReference; lastKnownFileType = sourcecode.swift; path = EventsSelectorViewController.swift; sourceTree = "<group>"; };
		5E78417C2B4A92F500062777 /* Tracker.app */ = {isa = PBXFileReference; explicitFileType = wrapper.application; includeInIndex = 0; path = Tracker.app; sourceTree = BUILT_PRODUCTS_DIR; };
		5E78417F2B4A92F500062777 /* AppDelegate.swift */ = {isa = PBXFileReference; lastKnownFileType = sourcecode.swift; path = AppDelegate.swift; sourceTree = "<group>"; };
		5E7841812B4A92F500062777 /* SceneDelegate.swift */ = {isa = PBXFileReference; lastKnownFileType = sourcecode.swift; path = SceneDelegate.swift; sourceTree = "<group>"; };
		5E7841882B4A92FA00062777 /* Assets.xcassets */ = {isa = PBXFileReference; lastKnownFileType = folder.assetcatalog; path = Assets.xcassets; sourceTree = "<group>"; };
		5E78418B2B4A92FA00062777 /* Base */ = {isa = PBXFileReference; lastKnownFileType = file.storyboard; name = Base; path = Base.lproj/LaunchScreen.storyboard; sourceTree = "<group>"; };
		5E78418D2B4A92FA00062777 /* Info.plist */ = {isa = PBXFileReference; lastKnownFileType = text.plist.xml; path = Info.plist; sourceTree = "<group>"; };
		5E7841942B4A991200062777 /* AssetsHelper.swift */ = {isa = PBXFileReference; lastKnownFileType = sourcecode.swift; path = AssetsHelper.swift; sourceTree = "<group>"; };
		5E78419A2B4A99D000062777 /* TrackersPresenter.swift */ = {isa = PBXFileReference; lastKnownFileType = sourcecode.swift; path = TrackersPresenter.swift; sourceTree = "<group>"; };
		5E78419B2B4A99D000062777 /* TrackersRouter.swift */ = {isa = PBXFileReference; lastKnownFileType = sourcecode.swift; path = TrackersRouter.swift; sourceTree = "<group>"; };
		5E78419C2B4A99D000062777 /* TrackersViewController.swift */ = {isa = PBXFileReference; lastKnownFileType = sourcecode.swift; path = TrackersViewController.swift; sourceTree = "<group>"; };
		5E78419D2B4A99D000062777 /* TrackersAssembly.swift */ = {isa = PBXFileReference; lastKnownFileType = sourcecode.swift; path = TrackersAssembly.swift; sourceTree = "<group>"; };
		5E7841A42B4A9C9200062777 /* HabitsPresenter.swift */ = {isa = PBXFileReference; lastKnownFileType = sourcecode.swift; path = HabitsPresenter.swift; sourceTree = "<group>"; };
		5E7841A52B4A9C9200062777 /* HabitsRouter.swift */ = {isa = PBXFileReference; lastKnownFileType = sourcecode.swift; path = HabitsRouter.swift; sourceTree = "<group>"; };
		5E7841A62B4A9C9200062777 /* HabitsViewController.swift */ = {isa = PBXFileReference; lastKnownFileType = sourcecode.swift; path = HabitsViewController.swift; sourceTree = "<group>"; };
		5E7841A72B4A9C9200062777 /* HabitsAssembly.swift */ = {isa = PBXFileReference; lastKnownFileType = sourcecode.swift; path = HabitsAssembly.swift; sourceTree = "<group>"; };
		5E7841AD2B4A9E8200062777 /* TabBarController.swift */ = {isa = PBXFileReference; lastKnownFileType = sourcecode.swift; path = TabBarController.swift; sourceTree = "<group>"; };
		5E7841AF2B4AA93A00062777 /* UIView+Ext.swift */ = {isa = PBXFileReference; lastKnownFileType = sourcecode.swift; path = "UIView+Ext.swift"; sourceTree = "<group>"; };
		5E7841B42B4E9C6500062777 /* Tracker.swift */ = {isa = PBXFileReference; lastKnownFileType = sourcecode.swift; path = Tracker.swift; sourceTree = "<group>"; };
		5E7841B62B4E9C6E00062777 /* TrackerCategory.swift */ = {isa = PBXFileReference; lastKnownFileType = sourcecode.swift; path = TrackerCategory.swift; sourceTree = "<group>"; };
		5E7841B82B4E9C7500062777 /* TrackerRecord.swift */ = {isa = PBXFileReference; lastKnownFileType = sourcecode.swift; path = TrackerRecord.swift; sourceTree = "<group>"; };
		5EF1A4782B56C93E00699BFD /* TrackersLayoutProvider.swift */ = {isa = PBXFileReference; lastKnownFileType = sourcecode.swift; path = TrackersLayoutProvider.swift; sourceTree = "<group>"; };
/* End PBXFileReference section */

/* Begin PBXFrameworksBuildPhase section */
		5E7841792B4A92F500062777 /* Frameworks */ = {
			isa = PBXFrameworksBuildPhase;
			buildActionMask = 2147483647;
			files = (
			);
			runOnlyForDeploymentPostprocessing = 0;
		};
/* End PBXFrameworksBuildPhase section */

/* Begin PBXGroup section */
		5E1986FE2B60162500A4538D /* Components */ = {
			isa = PBXGroup;
			children = (
				5E1986FF2B60164500A4538D /* PrimaryButton.swift */,
			);
			path = Components;
			sourceTree = "<group>";
		};
		5E56AE912B4FF6D0007A2D97 /* Cells */ = {
			isa = PBXGroup;
			children = (
				5E5F26B52B5D8D0600237047 /* EmojiView.swift */,
				5E56AE922B4FF6DE007A2D97 /* TrackersCell.swift */,
				5E56AE962B500996007A2D97 /* TrackersSupplementaryView.swift */,
				5EF1A4782B56C93E00699BFD /* TrackersLayoutProvider.swift */,
			);
			path = Cells;
			sourceTree = "<group>";
		};
		5E5F26B72B5DB2DB00237047 /* EventsSelector */ = {
			isa = PBXGroup;
			children = (
				5E2BD6B32B627463008A57EB /* EventsSelectorAssembly.swift */,
				5E5F26BB2B5DB2F800237047 /* EventsSelectorViewController.swift */,
				5E5F26B92B5DB2F800237047 /* EventsSelectorPresenter.swift */,
				5E5F26BA2B5DB2F800237047 /* EventsSelectorRouter.swift */,
			);
			path = EventsSelector;
			sourceTree = "<group>";
		};
		5E7841732B4A92F500062777 = {
			isa = PBXGroup;
			children = (
				5E78417E2B4A92F500062777 /* Tracker */,
				5E78417D2B4A92F500062777 /* Products */,
			);
			sourceTree = "<group>";
		};
		5E78417D2B4A92F500062777 /* Products */ = {
			isa = PBXGroup;
			children = (
				5E78417C2B4A92F500062777 /* Tracker.app */,
			);
			name = Products;
			sourceTree = "<group>";
		};
		5E78417E2B4A92F500062777 /* Tracker */ = {
			isa = PBXGroup;
			children = (
				5E7841B32B4E9C3800062777 /* Models */,
				5E7841962B4A995C00062777 /* Presentation */,
				5E7841932B4A98FE00062777 /* Extensions */,
				5E1986FE2B60162500A4538D /* Components */,
				5E78417F2B4A92F500062777 /* AppDelegate.swift */,
				5E7841812B4A92F500062777 /* SceneDelegate.swift */,
				5E7841882B4A92FA00062777 /* Assets.xcassets */,
				5E78418A2B4A92FA00062777 /* LaunchScreen.storyboard */,
				5E78418D2B4A92FA00062777 /* Info.plist */,
			);
			path = Tracker;
			sourceTree = "<group>";
		};
		5E7841932B4A98FE00062777 /* Extensions */ = {
			isa = PBXGroup;
			children = (
				5E7841942B4A991200062777 /* AssetsHelper.swift */,
				5E7841AF2B4AA93A00062777 /* UIView+Ext.swift */,
			);
			path = Extensions;
			sourceTree = "<group>";
		};
		5E7841962B4A995C00062777 /* Presentation */ = {
			isa = PBXGroup;
			children = (
				5E7841982B4A99B900062777 /* Trackers */,
				5E7841972B4A996A00062777 /* Habits */,
				5E7841AD2B4A9E8200062777 /* TabBarController.swift */,
			);
			path = Presentation;
			sourceTree = "<group>";
		};
		5E7841972B4A996A00062777 /* Habits */ = {
			isa = PBXGroup;
			children = (
				5E7841A72B4A9C9200062777 /* HabitsAssembly.swift */,
				5E7841A62B4A9C9200062777 /* HabitsViewController.swift */,
				5E7841A42B4A9C9200062777 /* HabitsPresenter.swift */,
				5E7841A52B4A9C9200062777 /* HabitsRouter.swift */,
			);
			path = Habits;
			sourceTree = "<group>";
		};
		5E7841982B4A99B900062777 /* Trackers */ = {
			isa = PBXGroup;
			children = (
				5E5F26B72B5DB2DB00237047 /* EventsSelector */,
				5E56AE912B4FF6D0007A2D97 /* Cells */,
				5E78419D2B4A99D000062777 /* TrackersAssembly.swift */,
				5E78419C2B4A99D000062777 /* TrackersViewController.swift */,
				5E78419A2B4A99D000062777 /* TrackersPresenter.swift */,
				5E78419B2B4A99D000062777 /* TrackersRouter.swift */,
			);
			path = Trackers;
			sourceTree = "<group>";
		};
		5E7841B32B4E9C3800062777 /* Models */ = {
			isa = PBXGroup;
			children = (
				5E7841B42B4E9C6500062777 /* Tracker.swift */,
				5E7841B62B4E9C6E00062777 /* TrackerCategory.swift */,
				5E7841B82B4E9C7500062777 /* TrackerRecord.swift */,
			);
			path = Models;
			sourceTree = "<group>";
		};
/* End PBXGroup section */

/* Begin PBXNativeTarget section */
		5E78417B2B4A92F500062777 /* Tracker */ = {
			isa = PBXNativeTarget;
			buildConfigurationList = 5E7841902B4A92FA00062777 /* Build configuration list for PBXNativeTarget "Tracker" */;
			buildPhases = (
				5E7841782B4A92F500062777 /* Sources */,
				5E7841792B4A92F500062777 /* Frameworks */,
				5E78417A2B4A92F500062777 /* Resources */,
			);
			buildRules = (
			);
			dependencies = (
			);
			name = Tracker;
			productName = Tracker;
			productReference = 5E78417C2B4A92F500062777 /* Tracker.app */;
			productType = "com.apple.product-type.application";
		};
/* End PBXNativeTarget section */

/* Begin PBXProject section */
		5E7841742B4A92F500062777 /* Project object */ = {
			isa = PBXProject;
			attributes = {
				BuildIndependentTargetsInParallel = 1;
				LastSwiftUpdateCheck = 1510;
				LastUpgradeCheck = 1510;
				TargetAttributes = {
					5E78417B2B4A92F500062777 = {
						CreatedOnToolsVersion = 15.1;
					};
				};
			};
			buildConfigurationList = 5E7841772B4A92F500062777 /* Build configuration list for PBXProject "Tracker" */;
			compatibilityVersion = "Xcode 14.0";
			developmentRegion = en;
			hasScannedForEncodings = 0;
			knownRegions = (
				en,
				Base,
			);
			mainGroup = 5E7841732B4A92F500062777;
			productRefGroup = 5E78417D2B4A92F500062777 /* Products */;
			projectDirPath = "";
			projectRoot = "";
			targets = (
				5E78417B2B4A92F500062777 /* Tracker */,
			);
		};
/* End PBXProject section */

/* Begin PBXResourcesBuildPhase section */
		5E78417A2B4A92F500062777 /* Resources */ = {
			isa = PBXResourcesBuildPhase;
			buildActionMask = 2147483647;
			files = (
				5E78418C2B4A92FA00062777 /* LaunchScreen.storyboard in Resources */,
				5E7841892B4A92FA00062777 /* Assets.xcassets in Resources */,
			);
			runOnlyForDeploymentPostprocessing = 0;
		};
/* End PBXResourcesBuildPhase section */

/* Begin PBXSourcesBuildPhase section */
		5E7841782B4A92F500062777 /* Sources */ = {
			isa = PBXSourcesBuildPhase;
			buildActionMask = 2147483647;
			files = (
				5E7841952B4A991200062777 /* AssetsHelper.swift in Sources */,
				5E7841A92B4A9C9200062777 /* HabitsPresenter.swift in Sources */,
				5E7841A12B4A99D000062777 /* TrackersViewController.swift in Sources */,
				5E5F26BF2B5DB2F800237047 /* EventsSelectorRouter.swift in Sources */,
				5E7841AA2B4A9C9200062777 /* HabitsRouter.swift in Sources */,
				5E7841802B4A92F500062777 /* AppDelegate.swift in Sources */,
				5E7841822B4A92F500062777 /* SceneDelegate.swift in Sources */,
				5E7841B52B4E9C6500062777 /* Tracker.swift in Sources */,
				5E7841A22B4A99D000062777 /* TrackersAssembly.swift in Sources */,
				5EF1A4792B56C93E00699BFD /* TrackersLayoutProvider.swift in Sources */,
				5E5F26BE2B5DB2F800237047 /* EventsSelectorPresenter.swift in Sources */,
				5E1987002B60164500A4538D /* PrimaryButton.swift in Sources */,
				5E5F26C02B5DB2F800237047 /* EventsSelectorViewController.swift in Sources */,
				5E2BD6B42B627463008A57EB /* EventsSelectorAssembly.swift in Sources */,
				5E5F26B62B5D8D0600237047 /* EmojiView.swift in Sources */,
				5E7841A02B4A99D000062777 /* TrackersRouter.swift in Sources */,
				5E7841B92B4E9C7500062777 /* TrackerRecord.swift in Sources */,
				5E56AE932B4FF6DE007A2D97 /* TrackersCell.swift in Sources */,
				5E56AE972B500996007A2D97 /* TrackersSupplementaryView.swift in Sources */,
				5E7841B72B4E9C6E00062777 /* TrackerCategory.swift in Sources */,
				5E7841AB2B4A9C9200062777 /* HabitsViewController.swift in Sources */,
				5E7841B02B4AA93A00062777 /* UIView+Ext.swift in Sources */,
				5E7841AE2B4A9E8200062777 /* TabBarController.swift in Sources */,
				5E7841AC2B4A9C9200062777 /* HabitsAssembly.swift in Sources */,
				5E78419F2B4A99D000062777 /* TrackersPresenter.swift in Sources */,
			);
			runOnlyForDeploymentPostprocessing = 0;
		};
/* End PBXSourcesBuildPhase section */

/* Begin PBXVariantGroup section */
		5E78418A2B4A92FA00062777 /* LaunchScreen.storyboard */ = {
			isa = PBXVariantGroup;
			children = (
				5E78418B2B4A92FA00062777 /* Base */,
			);
			name = LaunchScreen.storyboard;
			sourceTree = "<group>";
		};
/* End PBXVariantGroup section */

/* Begin XCBuildConfiguration section */
		5E78418E2B4A92FA00062777 /* Debug */ = {
			isa = XCBuildConfiguration;
			buildSettings = {
				ALWAYS_SEARCH_USER_PATHS = NO;
				ASSETCATALOG_COMPILER_GENERATE_SWIFT_ASSET_SYMBOL_EXTENSIONS = NO;
				CLANG_ANALYZER_NONNULL = YES;
				CLANG_ANALYZER_NUMBER_OBJECT_CONVERSION = YES_AGGRESSIVE;
				CLANG_CXX_LANGUAGE_STANDARD = "gnu++20";
				CLANG_ENABLE_MODULES = YES;
				CLANG_ENABLE_OBJC_ARC = YES;
				CLANG_ENABLE_OBJC_WEAK = YES;
				CLANG_WARN_BLOCK_CAPTURE_AUTORELEASING = YES;
				CLANG_WARN_BOOL_CONVERSION = YES;
				CLANG_WARN_COMMA = YES;
				CLANG_WARN_CONSTANT_CONVERSION = YES;
				CLANG_WARN_DEPRECATED_OBJC_IMPLEMENTATIONS = YES;
				CLANG_WARN_DIRECT_OBJC_ISA_USAGE = YES_ERROR;
				CLANG_WARN_DOCUMENTATION_COMMENTS = YES;
				CLANG_WARN_EMPTY_BODY = YES;
				CLANG_WARN_ENUM_CONVERSION = YES;
				CLANG_WARN_INFINITE_RECURSION = YES;
				CLANG_WARN_INT_CONVERSION = YES;
				CLANG_WARN_NON_LITERAL_NULL_CONVERSION = YES;
				CLANG_WARN_OBJC_IMPLICIT_RETAIN_SELF = YES;
				CLANG_WARN_OBJC_LITERAL_CONVERSION = YES;
				CLANG_WARN_OBJC_ROOT_CLASS = YES_ERROR;
				CLANG_WARN_QUOTED_INCLUDE_IN_FRAMEWORK_HEADER = YES;
				CLANG_WARN_RANGE_LOOP_ANALYSIS = YES;
				CLANG_WARN_STRICT_PROTOTYPES = YES;
				CLANG_WARN_SUSPICIOUS_MOVE = YES;
				CLANG_WARN_UNGUARDED_AVAILABILITY = YES_AGGRESSIVE;
				CLANG_WARN_UNREACHABLE_CODE = YES;
				CLANG_WARN__DUPLICATE_METHOD_MATCH = YES;
				COPY_PHASE_STRIP = NO;
				DEBUG_INFORMATION_FORMAT = dwarf;
				ENABLE_STRICT_OBJC_MSGSEND = YES;
				ENABLE_TESTABILITY = YES;
				ENABLE_USER_SCRIPT_SANDBOXING = YES;
				GCC_C_LANGUAGE_STANDARD = gnu17;
				GCC_DYNAMIC_NO_PIC = NO;
				GCC_NO_COMMON_BLOCKS = YES;
				GCC_OPTIMIZATION_LEVEL = 0;
				GCC_PREPROCESSOR_DEFINITIONS = (
					"DEBUG=1",
					"$(inherited)",
				);
				GCC_WARN_64_TO_32_BIT_CONVERSION = YES;
				GCC_WARN_ABOUT_RETURN_TYPE = YES_ERROR;
				GCC_WARN_UNDECLARED_SELECTOR = YES;
				GCC_WARN_UNINITIALIZED_AUTOS = YES_AGGRESSIVE;
				GCC_WARN_UNUSED_FUNCTION = YES;
				GCC_WARN_UNUSED_VARIABLE = YES;
				IPHONEOS_DEPLOYMENT_TARGET = 13.4;
				LOCALIZATION_PREFERS_STRING_CATALOGS = YES;
				MTL_ENABLE_DEBUG_INFO = INCLUDE_SOURCE;
				MTL_FAST_MATH = YES;
				ONLY_ACTIVE_ARCH = YES;
				SDKROOT = iphoneos;
				SWIFT_ACTIVE_COMPILATION_CONDITIONS = "DEBUG $(inherited)";
				SWIFT_OPTIMIZATION_LEVEL = "-Onone";
			};
			name = Debug;
		};
		5E78418F2B4A92FA00062777 /* Release */ = {
			isa = XCBuildConfiguration;
			buildSettings = {
				ALWAYS_SEARCH_USER_PATHS = NO;
				ASSETCATALOG_COMPILER_GENERATE_SWIFT_ASSET_SYMBOL_EXTENSIONS = NO;
				CLANG_ANALYZER_NONNULL = YES;
				CLANG_ANALYZER_NUMBER_OBJECT_CONVERSION = YES_AGGRESSIVE;
				CLANG_CXX_LANGUAGE_STANDARD = "gnu++20";
				CLANG_ENABLE_MODULES = YES;
				CLANG_ENABLE_OBJC_ARC = YES;
				CLANG_ENABLE_OBJC_WEAK = YES;
				CLANG_WARN_BLOCK_CAPTURE_AUTORELEASING = YES;
				CLANG_WARN_BOOL_CONVERSION = YES;
				CLANG_WARN_COMMA = YES;
				CLANG_WARN_CONSTANT_CONVERSION = YES;
				CLANG_WARN_DEPRECATED_OBJC_IMPLEMENTATIONS = YES;
				CLANG_WARN_DIRECT_OBJC_ISA_USAGE = YES_ERROR;
				CLANG_WARN_DOCUMENTATION_COMMENTS = YES;
				CLANG_WARN_EMPTY_BODY = YES;
				CLANG_WARN_ENUM_CONVERSION = YES;
				CLANG_WARN_INFINITE_RECURSION = YES;
				CLANG_WARN_INT_CONVERSION = YES;
				CLANG_WARN_NON_LITERAL_NULL_CONVERSION = YES;
				CLANG_WARN_OBJC_IMPLICIT_RETAIN_SELF = YES;
				CLANG_WARN_OBJC_LITERAL_CONVERSION = YES;
				CLANG_WARN_OBJC_ROOT_CLASS = YES_ERROR;
				CLANG_WARN_QUOTED_INCLUDE_IN_FRAMEWORK_HEADER = YES;
				CLANG_WARN_RANGE_LOOP_ANALYSIS = YES;
				CLANG_WARN_STRICT_PROTOTYPES = YES;
				CLANG_WARN_SUSPICIOUS_MOVE = YES;
				CLANG_WARN_UNGUARDED_AVAILABILITY = YES_AGGRESSIVE;
				CLANG_WARN_UNREACHABLE_CODE = YES;
				CLANG_WARN__DUPLICATE_METHOD_MATCH = YES;
				COPY_PHASE_STRIP = NO;
				DEBUG_INFORMATION_FORMAT = "dwarf-with-dsym";
				ENABLE_NS_ASSERTIONS = NO;
				ENABLE_STRICT_OBJC_MSGSEND = YES;
				ENABLE_USER_SCRIPT_SANDBOXING = YES;
				GCC_C_LANGUAGE_STANDARD = gnu17;
				GCC_NO_COMMON_BLOCKS = YES;
				GCC_WARN_64_TO_32_BIT_CONVERSION = YES;
				GCC_WARN_ABOUT_RETURN_TYPE = YES_ERROR;
				GCC_WARN_UNDECLARED_SELECTOR = YES;
				GCC_WARN_UNINITIALIZED_AUTOS = YES_AGGRESSIVE;
				GCC_WARN_UNUSED_FUNCTION = YES;
				GCC_WARN_UNUSED_VARIABLE = YES;
				IPHONEOS_DEPLOYMENT_TARGET = 13.4;
				LOCALIZATION_PREFERS_STRING_CATALOGS = YES;
				MTL_ENABLE_DEBUG_INFO = NO;
				MTL_FAST_MATH = YES;
				SDKROOT = iphoneos;
				SWIFT_COMPILATION_MODE = wholemodule;
				VALIDATE_PRODUCT = YES;
			};
			name = Release;
		};
		5E7841912B4A92FA00062777 /* Debug */ = {
			isa = XCBuildConfiguration;
			buildSettings = {
				ASSETCATALOG_COMPILER_APPICON_NAME = AppIcon;
				ASSETCATALOG_COMPILER_GLOBAL_ACCENT_COLOR_NAME = AccentColor;
				CODE_SIGN_STYLE = Automatic;
				CURRENT_PROJECT_VERSION = 1;
				DEVELOPMENT_TEAM = X7JCT2793N;
				GENERATE_INFOPLIST_FILE = YES;
				INFOPLIST_FILE = Tracker/Info.plist;
				INFOPLIST_KEY_LSApplicationCategoryType = "public.app-category.productivity";
				INFOPLIST_KEY_UIApplicationSupportsIndirectInputEvents = YES;
				INFOPLIST_KEY_UILaunchStoryboardName = LaunchScreen;
				INFOPLIST_KEY_UISupportedInterfaceOrientations = UIInterfaceOrientationPortrait;
				INFOPLIST_KEY_UISupportedInterfaceOrientations_iPad = "UIInterfaceOrientationLandscapeLeft UIInterfaceOrientationLandscapeRight UIInterfaceOrientationPortrait UIInterfaceOrientationPortraitUpsideDown";
				IPHONEOS_DEPLOYMENT_TARGET = 13.4;
				LD_RUNPATH_SEARCH_PATHS = (
					"$(inherited)",
					"@executable_path/Frameworks",
				);
				MARKETING_VERSION = 1.0;
				PRODUCT_BUNDLE_IDENTIFIER = com.makovey.Tracker;
				PRODUCT_NAME = "$(TARGET_NAME)";
				SUPPORTED_PLATFORMS = "iphoneos iphonesimulator";
				SUPPORTS_MACCATALYST = NO;
				SUPPORTS_MAC_DESIGNED_FOR_IPHONE_IPAD = NO;
				SWIFT_EMIT_LOC_STRINGS = YES;
				SWIFT_VERSION = 5.0;
				TARGETED_DEVICE_FAMILY = 1;
			};
			name = Debug;
		};
		5E7841922B4A92FA00062777 /* Release */ = {
			isa = XCBuildConfiguration;
			buildSettings = {
				ASSETCATALOG_COMPILER_APPICON_NAME = AppIcon;
				ASSETCATALOG_COMPILER_GLOBAL_ACCENT_COLOR_NAME = AccentColor;
				CODE_SIGN_STYLE = Automatic;
				CURRENT_PROJECT_VERSION = 1;
				DEVELOPMENT_TEAM = X7JCT2793N;
				GENERATE_INFOPLIST_FILE = YES;
				INFOPLIST_FILE = Tracker/Info.plist;
				INFOPLIST_KEY_LSApplicationCategoryType = "public.app-category.productivity";
				INFOPLIST_KEY_UIApplicationSupportsIndirectInputEvents = YES;
				INFOPLIST_KEY_UILaunchStoryboardName = LaunchScreen;
				INFOPLIST_KEY_UISupportedInterfaceOrientations = UIInterfaceOrientationPortrait;
				INFOPLIST_KEY_UISupportedInterfaceOrientations_iPad = "UIInterfaceOrientationLandscapeLeft UIInterfaceOrientationLandscapeRight UIInterfaceOrientationPortrait UIInterfaceOrientationPortraitUpsideDown";
				IPHONEOS_DEPLOYMENT_TARGET = 13.4;
				LD_RUNPATH_SEARCH_PATHS = (
					"$(inherited)",
					"@executable_path/Frameworks",
				);
				MARKETING_VERSION = 1.0;
				PRODUCT_BUNDLE_IDENTIFIER = com.makovey.Tracker;
				PRODUCT_NAME = "$(TARGET_NAME)";
				SUPPORTED_PLATFORMS = "iphoneos iphonesimulator";
				SUPPORTS_MACCATALYST = NO;
				SUPPORTS_MAC_DESIGNED_FOR_IPHONE_IPAD = NO;
				SWIFT_EMIT_LOC_STRINGS = YES;
				SWIFT_VERSION = 5.0;
				TARGETED_DEVICE_FAMILY = 1;
			};
			name = Release;
		};
/* End XCBuildConfiguration section */

/* Begin XCConfigurationList section */
		5E7841772B4A92F500062777 /* Build configuration list for PBXProject "Tracker" */ = {
			isa = XCConfigurationList;
			buildConfigurations = (
				5E78418E2B4A92FA00062777 /* Debug */,
				5E78418F2B4A92FA00062777 /* Release */,
			);
			defaultConfigurationIsVisible = 0;
			defaultConfigurationName = Release;
		};
		5E7841902B4A92FA00062777 /* Build configuration list for PBXNativeTarget "Tracker" */ = {
			isa = XCConfigurationList;
			buildConfigurations = (
				5E7841912B4A92FA00062777 /* Debug */,
				5E7841922B4A92FA00062777 /* Release */,
			);
			defaultConfigurationIsVisible = 0;
			defaultConfigurationName = Release;
		};
/* End XCConfigurationList section */
	};
	rootObject = 5E7841742B4A92F500062777 /* Project object */;
}
